PODS:
  - BigInt (3.1.0):
    - SipHash (~> 1.2)
  - CryptoSwift (0.15.0)
  - PromiseKit/CorePromise (6.8.3)
  - SerializableValue (0.0.1)
  - SipHash (1.2.2)

DEPENDENCIES:
  - BigInt (~> 3.1)
  - CryptoSwift (~> 0.13)
  - PromiseKit/CorePromise (~> 6.8.0)
  - SerializableValue (from `https://github.com/tesseract-one/swift-serializable.git`, branch `master`)

SPEC REPOS:
  https://github.com/cocoapods/specs.git:
    - BigInt
    - CryptoSwift
    - PromiseKit
    - SipHash

EXTERNAL SOURCES:
  SerializableValue:
    :branch: master
    :git: https://github.com/tesseract-one/swift-serializable.git

CHECKOUT OPTIONS:
  SerializableValue:
    :commit: a77ea4589520eac0406912dca1dc54466ffa82ac
    :git: https://github.com/tesseract-one/swift-serializable.git

SPEC CHECKSUMS:
  BigInt: 76b5dfdfa3e2e478d4ffdf161aeede5502e2742f
  CryptoSwift: 769f58a9e89f64e8796c2e59ce5f002dc81a2438
  PromiseKit: 94c6e781838c5bf4717677d0d882b0e7250c80fc
  SerializableValue: 4dec77eadb50f94f4070f84a8826c51bc481e9cd
  SipHash: fad90a4683e420c52ef28063063dbbce248ea6d4

PODFILE CHECKSUM: 6ae05fb1f219280cbc37fc68c2d8f5a9f8a65b4f

COCOAPODS: 1.6.1
