// !$*UTF8*$!
{
	archiveVersion = 1;
	classes = {
	};
	objectVersion = 50;
	objects = {

/* Begin PBXBuildFile section */
		927C59B8224D0BE800F2AA50 /* Ethereum.framework in Frameworks */ = {isa = PBXBuildFile; fileRef = 927C59AE224D0BE800F2AA50 /* Ethereum.framework */; };
		927C59D2224D0CF000F2AA50 /* SignProvider.swift in Sources */ = {isa = PBXBuildFile; fileRef = 927C59CA224D0CF000F2AA50 /* SignProvider.swift */; };
		927C59D7224D0CF000F2AA50 /* Transaction.swift in Sources */ = {isa = PBXBuildFile; fileRef = 927C59D0224D0CF000F2AA50 /* Transaction.swift */; };
		927C59D8224D0CF000F2AA50 /* TypedData.swift in Sources */ = {isa = PBXBuildFile; fileRef = 927C59D1224D0CF000F2AA50 /* TypedData.swift */; };
		927C59DA224D0E0900F2AA50 /* Address.swift in Sources */ = {isa = PBXBuildFile; fileRef = 927C59D9224D0E0900F2AA50 /* Address.swift */; };
		927C5AC4224E721A00F2AA50 /* APIRegistry.swift in Sources */ = {isa = PBXBuildFile; fileRef = 927C5AC3224E721A00F2AA50 /* APIRegistry.swift */; };
		92B5783A2279FD67003E989D /* CryptoSwift.framework in Frameworks */ = {isa = PBXBuildFile; fileRef = 92B578352279FD67003E989D /* CryptoSwift.framework */; };
		92B5783B2279FD67003E989D /* CryptoSwift.framework in Frameworks */ = {isa = PBXBuildFile; fileRef = 92B578352279FD67003E989D /* CryptoSwift.framework */; };
		92B5783C2279FD67003E989D /* Serializable.framework in Frameworks */ = {isa = PBXBuildFile; fileRef = 92B578362279FD67003E989D /* Serializable.framework */; };
		92B5783D2279FD67003E989D /* Serializable.framework in Frameworks */ = {isa = PBXBuildFile; fileRef = 92B578362279FD67003E989D /* Serializable.framework */; };
		92B5783E2279FD67003E989D /* BigInt.framework in Frameworks */ = {isa = PBXBuildFile; fileRef = 92B578372279FD67003E989D /* BigInt.framework */; };
		92B5783F2279FD67003E989D /* BigInt.framework in Frameworks */ = {isa = PBXBuildFile; fileRef = 92B578372279FD67003E989D /* BigInt.framework */; };
		92B578412279FDCD003E989D /* BigInt.framework in Copy Frameworks */ = {isa = PBXBuildFile; fileRef = 92B578372279FD67003E989D /* BigInt.framework */; settings = {ATTRIBUTES = (CodeSignOnCopy, RemoveHeadersOnCopy, ); }; };
		92B578422279FDCD003E989D /* CryptoSwift.framework in Copy Frameworks */ = {isa = PBXBuildFile; fileRef = 92B578352279FD67003E989D /* CryptoSwift.framework */; settings = {ATTRIBUTES = (CodeSignOnCopy, RemoveHeadersOnCopy, ); }; };
		92B578442279FDCD003E989D /* Serializable.framework in Copy Frameworks */ = {isa = PBXBuildFile; fileRef = 92B578362279FD67003E989D /* Serializable.framework */; settings = {ATTRIBUTES = (CodeSignOnCopy, RemoveHeadersOnCopy, ); }; };
		92B578522279FECC003E989D /* Address.swift in Sources */ = {isa = PBXBuildFile; fileRef = 927C59D9224D0E0900F2AA50 /* Address.swift */; };
		92B578532279FECC003E989D /* TypedData.swift in Sources */ = {isa = PBXBuildFile; fileRef = 927C59D1224D0CF000F2AA50 /* TypedData.swift */; };
		92B578542279FECC003E989D /* SignProvider.swift in Sources */ = {isa = PBXBuildFile; fileRef = 927C59CA224D0CF000F2AA50 /* SignProvider.swift */; };
		92B578552279FECC003E989D /* Transaction.swift in Sources */ = {isa = PBXBuildFile; fileRef = 927C59D0224D0CF000F2AA50 /* Transaction.swift */; };
		92B578572279FECC003E989D /* APIRegistry.swift in Sources */ = {isa = PBXBuildFile; fileRef = 927C5AC3224E721A00F2AA50 /* APIRegistry.swift */; };
		92B5786B2279FF35003E989D /* Ethereum.framework in Frameworks */ = {isa = PBXBuildFile; fileRef = 92B578622279FF35003E989D /* Ethereum.framework */; };
		92B578792279FFD0003E989D /* Address.swift in Sources */ = {isa = PBXBuildFile; fileRef = 927C59D9224D0E0900F2AA50 /* Address.swift */; };
		92B5787A2279FFD0003E989D /* TypedData.swift in Sources */ = {isa = PBXBuildFile; fileRef = 927C59D1224D0CF000F2AA50 /* TypedData.swift */; };
		92B5787B2279FFD0003E989D /* SignProvider.swift in Sources */ = {isa = PBXBuildFile; fileRef = 927C59CA224D0CF000F2AA50 /* SignProvider.swift */; };
		92B5787C2279FFD0003E989D /* Transaction.swift in Sources */ = {isa = PBXBuildFile; fileRef = 927C59D0224D0CF000F2AA50 /* Transaction.swift */; };
		92B5787E2279FFD0003E989D /* APIRegistry.swift in Sources */ = {isa = PBXBuildFile; fileRef = 927C5AC3224E721A00F2AA50 /* APIRegistry.swift */; };
		92B5788A227A0002003E989D /* Serializable.framework in Frameworks */ = {isa = PBXBuildFile; fileRef = 92B57886227A0002003E989D /* Serializable.framework */; };
		92B5788B227A0002003E989D /* Serializable.framework in Frameworks */ = {isa = PBXBuildFile; fileRef = 92B57886227A0002003E989D /* Serializable.framework */; };
		92B5788C227A0002003E989D /* CryptoSwift.framework in Frameworks */ = {isa = PBXBuildFile; fileRef = 92B57887227A0002003E989D /* CryptoSwift.framework */; };
		92B5788D227A0002003E989D /* CryptoSwift.framework in Frameworks */ = {isa = PBXBuildFile; fileRef = 92B57887227A0002003E989D /* CryptoSwift.framework */; };
		92B57890227A0002003E989D /* BigInt.framework in Frameworks */ = {isa = PBXBuildFile; fileRef = 92B57889227A0002003E989D /* BigInt.framework */; };
		92B57891227A0002003E989D /* BigInt.framework in Frameworks */ = {isa = PBXBuildFile; fileRef = 92B57889227A0002003E989D /* BigInt.framework */; };
		92B57893227A001F003E989D /* BigInt.framework in Copy Frameworks */ = {isa = PBXBuildFile; fileRef = 92B57889227A0002003E989D /* BigInt.framework */; settings = {ATTRIBUTES = (CodeSignOnCopy, RemoveHeadersOnCopy, ); }; };
		92B57894227A001F003E989D /* CryptoSwift.framework in Copy Frameworks */ = {isa = PBXBuildFile; fileRef = 92B57887227A0002003E989D /* CryptoSwift.framework */; settings = {ATTRIBUTES = (CodeSignOnCopy, RemoveHeadersOnCopy, ); }; };
		92B57896227A001F003E989D /* Serializable.framework in Copy Frameworks */ = {isa = PBXBuildFile; fileRef = 92B57886227A0002003E989D /* Serializable.framework */; settings = {ATTRIBUTES = (CodeSignOnCopy, RemoveHeadersOnCopy, ); }; };
		92B5789C227A0048003E989D /* Serializable.framework in Frameworks */ = {isa = PBXBuildFile; fileRef = 92B57898227A0048003E989D /* Serializable.framework */; };
		92B5789E227A0048003E989D /* BigInt.framework in Frameworks */ = {isa = PBXBuildFile; fileRef = 92B5789A227A0048003E989D /* BigInt.framework */; };
		92B5789F227A0048003E989D /* CryptoSwift.framework in Frameworks */ = {isa = PBXBuildFile; fileRef = 92B5789B227A0048003E989D /* CryptoSwift.framework */; };
		92B578AE227A0068003E989D /* Ethereum.framework in Frameworks */ = {isa = PBXBuildFile; fileRef = 92B578A5227A0068003E989D /* Ethereum.framework */; };
		92B578C2227A0170003E989D /* CryptoSwift.framework in Frameworks */ = {isa = PBXBuildFile; fileRef = 92B578BE227A0170003E989D /* CryptoSwift.framework */; };
		92B578C3227A0170003E989D /* CryptoSwift.framework in Frameworks */ = {isa = PBXBuildFile; fileRef = 92B578BE227A0170003E989D /* CryptoSwift.framework */; };
		92B578C4227A0170003E989D /* Serializable.framework in Frameworks */ = {isa = PBXBuildFile; fileRef = 92B578BF227A0170003E989D /* Serializable.framework */; };
		92B578C5227A0170003E989D /* Serializable.framework in Frameworks */ = {isa = PBXBuildFile; fileRef = 92B578BF227A0170003E989D /* Serializable.framework */; };
		92B578C8227A0170003E989D /* BigInt.framework in Frameworks */ = {isa = PBXBuildFile; fileRef = 92B578C1227A0170003E989D /* BigInt.framework */; };
		92B578C9227A0170003E989D /* BigInt.framework in Frameworks */ = {isa = PBXBuildFile; fileRef = 92B578C1227A0170003E989D /* BigInt.framework */; };
		92B578CA227A017A003E989D /* Address.swift in Sources */ = {isa = PBXBuildFile; fileRef = 927C59D9224D0E0900F2AA50 /* Address.swift */; };
		92B578CB227A017A003E989D /* TypedData.swift in Sources */ = {isa = PBXBuildFile; fileRef = 927C59D1224D0CF000F2AA50 /* TypedData.swift */; };
		92B578CC227A017A003E989D /* SignProvider.swift in Sources */ = {isa = PBXBuildFile; fileRef = 927C59CA224D0CF000F2AA50 /* SignProvider.swift */; };
		92B578CD227A017A003E989D /* Transaction.swift in Sources */ = {isa = PBXBuildFile; fileRef = 927C59D0224D0CF000F2AA50 /* Transaction.swift */; };
		92B578CF227A017A003E989D /* APIRegistry.swift in Sources */ = {isa = PBXBuildFile; fileRef = 927C5AC3224E721A00F2AA50 /* APIRegistry.swift */; };
		92B578D8227A01B5003E989D /* BigInt.framework in Copy Frameworks */ = {isa = PBXBuildFile; fileRef = 92B578C1227A0170003E989D /* BigInt.framework */; settings = {ATTRIBUTES = (CodeSignOnCopy, RemoveHeadersOnCopy, ); }; };
		92B578D9227A01B5003E989D /* CryptoSwift.framework in Copy Frameworks */ = {isa = PBXBuildFile; fileRef = 92B578BE227A0170003E989D /* CryptoSwift.framework */; settings = {ATTRIBUTES = (CodeSignOnCopy, RemoveHeadersOnCopy, ); }; };
		92B578DB227A01B5003E989D /* Serializable.framework in Copy Frameworks */ = {isa = PBXBuildFile; fileRef = 92B578BF227A0170003E989D /* Serializable.framework */; settings = {ATTRIBUTES = (CodeSignOnCopy, RemoveHeadersOnCopy, ); }; };
		92B5790C227AA369003E989D /* Data+Ethereum.swift in Sources */ = {isa = PBXBuildFile; fileRef = 92B5790B227AA369003E989D /* Data+Ethereum.swift */; };
		92B5790D227AA369003E989D /* Data+Ethereum.swift in Sources */ = {isa = PBXBuildFile; fileRef = 92B5790B227AA369003E989D /* Data+Ethereum.swift */; };
		92B5790E227AA369003E989D /* Data+Ethereum.swift in Sources */ = {isa = PBXBuildFile; fileRef = 92B5790B227AA369003E989D /* Data+Ethereum.swift */; };
		92B5790F227AA369003E989D /* Data+Ethereum.swift in Sources */ = {isa = PBXBuildFile; fileRef = 92B5790B227AA369003E989D /* Data+Ethereum.swift */; };
		92C6492C2281C23500F547C3 /* ABIConvertible.swift in Sources */ = {isa = PBXBuildFile; fileRef = 92C649232281C23500F547C3 /* ABIConvertible.swift */; };
		92C6492D2281C23500F547C3 /* ABIConvertible.swift in Sources */ = {isa = PBXBuildFile; fileRef = 92C649232281C23500F547C3 /* ABIConvertible.swift */; };
		92C6492E2281C23500F547C3 /* ABIConvertible.swift in Sources */ = {isa = PBXBuildFile; fileRef = 92C649232281C23500F547C3 /* ABIConvertible.swift */; };
		92C6492F2281C23500F547C3 /* ABIConvertible.swift in Sources */ = {isa = PBXBuildFile; fileRef = 92C649232281C23500F547C3 /* ABIConvertible.swift */; };
		92C649342281C23500F547C3 /* SolidityWrappedValue.swift in Sources */ = {isa = PBXBuildFile; fileRef = 92C649252281C23500F547C3 /* SolidityWrappedValue.swift */; };
		92C649352281C23500F547C3 /* SolidityWrappedValue.swift in Sources */ = {isa = PBXBuildFile; fileRef = 92C649252281C23500F547C3 /* SolidityWrappedValue.swift */; };
		92C649362281C23500F547C3 /* SolidityWrappedValue.swift in Sources */ = {isa = PBXBuildFile; fileRef = 92C649252281C23500F547C3 /* SolidityWrappedValue.swift */; };
		92C649372281C23500F547C3 /* SolidityWrappedValue.swift in Sources */ = {isa = PBXBuildFile; fileRef = 92C649252281C23500F547C3 /* SolidityWrappedValue.swift */; };
		92C649402281C23500F547C3 /* ABIEncoder.swift in Sources */ = {isa = PBXBuildFile; fileRef = 92C649282281C23500F547C3 /* ABIEncoder.swift */; };
		92C649412281C23500F547C3 /* ABIEncoder.swift in Sources */ = {isa = PBXBuildFile; fileRef = 92C649282281C23500F547C3 /* ABIEncoder.swift */; };
		92C649422281C23500F547C3 /* ABIEncoder.swift in Sources */ = {isa = PBXBuildFile; fileRef = 92C649282281C23500F547C3 /* ABIEncoder.swift */; };
		92C649432281C23500F547C3 /* ABIEncoder.swift in Sources */ = {isa = PBXBuildFile; fileRef = 92C649282281C23500F547C3 /* ABIEncoder.swift */; };
		92C649442281C23500F547C3 /* SolidityType.swift in Sources */ = {isa = PBXBuildFile; fileRef = 92C649292281C23500F547C3 /* SolidityType.swift */; };
		92C649452281C23500F547C3 /* SolidityType.swift in Sources */ = {isa = PBXBuildFile; fileRef = 92C649292281C23500F547C3 /* SolidityType.swift */; };
		92C649462281C23500F547C3 /* SolidityType.swift in Sources */ = {isa = PBXBuildFile; fileRef = 92C649292281C23500F547C3 /* SolidityType.swift */; };
		92C649472281C23500F547C3 /* SolidityType.swift in Sources */ = {isa = PBXBuildFile; fileRef = 92C649292281C23500F547C3 /* SolidityType.swift */; };
		92C649932281CD8C00F547C3 /* SolidityTuple.swift in Sources */ = {isa = PBXBuildFile; fileRef = 92C649922281CD8C00F547C3 /* SolidityTuple.swift */; };
		92C649942281CD8C00F547C3 /* SolidityTuple.swift in Sources */ = {isa = PBXBuildFile; fileRef = 92C649922281CD8C00F547C3 /* SolidityTuple.swift */; };
		92C649952281CD8C00F547C3 /* SolidityTuple.swift in Sources */ = {isa = PBXBuildFile; fileRef = 92C649922281CD8C00F547C3 /* SolidityTuple.swift */; };
		92C649962281CD8C00F547C3 /* SolidityTuple.swift in Sources */ = {isa = PBXBuildFile; fileRef = 92C649922281CD8C00F547C3 /* SolidityTuple.swift */; };
		92C6499B2281CE8A00F547C3 /* ValueConvertible.swift in Sources */ = {isa = PBXBuildFile; fileRef = 92C649982281CE8A00F547C3 /* ValueConvertible.swift */; };
		92C6499C2281CE8A00F547C3 /* ValueConvertible.swift in Sources */ = {isa = PBXBuildFile; fileRef = 92C649982281CE8A00F547C3 /* ValueConvertible.swift */; };
		92C6499D2281CE8A00F547C3 /* ValueConvertible.swift in Sources */ = {isa = PBXBuildFile; fileRef = 92C649982281CE8A00F547C3 /* ValueConvertible.swift */; };
		92C6499E2281CE8A00F547C3 /* ValueConvertible.swift in Sources */ = {isa = PBXBuildFile; fileRef = 92C649982281CE8A00F547C3 /* ValueConvertible.swift */; };
		92C6499F2281CE8A00F547C3 /* Value.swift in Sources */ = {isa = PBXBuildFile; fileRef = 92C649992281CE8A00F547C3 /* Value.swift */; };
		92C649A02281CE8A00F547C3 /* Value.swift in Sources */ = {isa = PBXBuildFile; fileRef = 92C649992281CE8A00F547C3 /* Value.swift */; };
		92C649A12281CE8A00F547C3 /* Value.swift in Sources */ = {isa = PBXBuildFile; fileRef = 92C649992281CE8A00F547C3 /* Value.swift */; };
		92C649A22281CE8A00F547C3 /* Value.swift in Sources */ = {isa = PBXBuildFile; fileRef = 92C649992281CE8A00F547C3 /* Value.swift */; };
		92C649A32281CE8A00F547C3 /* Types+ValueConvertible.swift in Sources */ = {isa = PBXBuildFile; fileRef = 92C6499A2281CE8A00F547C3 /* Types+ValueConvertible.swift */; };
		92C649A42281CE8A00F547C3 /* Types+ValueConvertible.swift in Sources */ = {isa = PBXBuildFile; fileRef = 92C6499A2281CE8A00F547C3 /* Types+ValueConvertible.swift */; };
		92C649A52281CE8A00F547C3 /* Types+ValueConvertible.swift in Sources */ = {isa = PBXBuildFile; fileRef = 92C6499A2281CE8A00F547C3 /* Types+ValueConvertible.swift */; };
		92C649A62281CE8A00F547C3 /* Types+ValueConvertible.swift in Sources */ = {isa = PBXBuildFile; fileRef = 92C6499A2281CE8A00F547C3 /* Types+ValueConvertible.swift */; };
		92C649A82281D13800F547C3 /* String+Utils.swift in Sources */ = {isa = PBXBuildFile; fileRef = 92C649A72281D13800F547C3 /* String+Utils.swift */; };
		92C649A92281D13800F547C3 /* String+Utils.swift in Sources */ = {isa = PBXBuildFile; fileRef = 92C649A72281D13800F547C3 /* String+Utils.swift */; };
		92C649AA2281D13800F547C3 /* String+Utils.swift in Sources */ = {isa = PBXBuildFile; fileRef = 92C649A72281D13800F547C3 /* String+Utils.swift */; };
		92C649AB2281D13800F547C3 /* String+Utils.swift in Sources */ = {isa = PBXBuildFile; fileRef = 92C649A72281D13800F547C3 /* String+Utils.swift */; };
		92C649AE2281D2A200F547C3 /* Quantity.swift in Sources */ = {isa = PBXBuildFile; fileRef = 92C649AC2281D2A200F547C3 /* Quantity.swift */; };
		92C649AF2281D2A200F547C3 /* Quantity.swift in Sources */ = {isa = PBXBuildFile; fileRef = 92C649AC2281D2A200F547C3 /* Quantity.swift */; };
		92C649B02281D2A200F547C3 /* Quantity.swift in Sources */ = {isa = PBXBuildFile; fileRef = 92C649AC2281D2A200F547C3 /* Quantity.swift */; };
		92C649B12281D2A200F547C3 /* Quantity.swift in Sources */ = {isa = PBXBuildFile; fileRef = 92C649AC2281D2A200F547C3 /* Quantity.swift */; };
		92C649BC2281D87A00F547C3 /* RLPEncoder.swift in Sources */ = {isa = PBXBuildFile; fileRef = 92C649B72281D87A00F547C3 /* RLPEncoder.swift */; };
		92C649BD2281D87A00F547C3 /* RLPEncoder.swift in Sources */ = {isa = PBXBuildFile; fileRef = 92C649B72281D87A00F547C3 /* RLPEncoder.swift */; };
		92C649BE2281D87A00F547C3 /* RLPEncoder.swift in Sources */ = {isa = PBXBuildFile; fileRef = 92C649B72281D87A00F547C3 /* RLPEncoder.swift */; };
		92C649BF2281D87A00F547C3 /* RLPEncoder.swift in Sources */ = {isa = PBXBuildFile; fileRef = 92C649B72281D87A00F547C3 /* RLPEncoder.swift */; };
		92C649C02281D87A00F547C3 /* RLPDecoder.swift in Sources */ = {isa = PBXBuildFile; fileRef = 92C649B82281D87A00F547C3 /* RLPDecoder.swift */; };
		92C649C12281D87A00F547C3 /* RLPDecoder.swift in Sources */ = {isa = PBXBuildFile; fileRef = 92C649B82281D87A00F547C3 /* RLPDecoder.swift */; };
		92C649C22281D87A00F547C3 /* RLPDecoder.swift in Sources */ = {isa = PBXBuildFile; fileRef = 92C649B82281D87A00F547C3 /* RLPDecoder.swift */; };
		92C649C32281D87A00F547C3 /* RLPDecoder.swift in Sources */ = {isa = PBXBuildFile; fileRef = 92C649B82281D87A00F547C3 /* RLPDecoder.swift */; };
		92C649C42281D87A00F547C3 /* RLPItem.swift in Sources */ = {isa = PBXBuildFile; fileRef = 92C649B92281D87A00F547C3 /* RLPItem.swift */; };
		92C649C52281D87A00F547C3 /* RLPItem.swift in Sources */ = {isa = PBXBuildFile; fileRef = 92C649B92281D87A00F547C3 /* RLPItem.swift */; };
		92C649C62281D87A00F547C3 /* RLPItem.swift in Sources */ = {isa = PBXBuildFile; fileRef = 92C649B92281D87A00F547C3 /* RLPItem.swift */; };
		92C649C72281D87A00F547C3 /* RLPItem.swift in Sources */ = {isa = PBXBuildFile; fileRef = 92C649B92281D87A00F547C3 /* RLPItem.swift */; };
		92C649C82281D87A00F547C3 /* RLPItemConvertible.swift in Sources */ = {isa = PBXBuildFile; fileRef = 92C649BA2281D87A00F547C3 /* RLPItemConvertible.swift */; };
		92C649C92281D87A00F547C3 /* RLPItemConvertible.swift in Sources */ = {isa = PBXBuildFile; fileRef = 92C649BA2281D87A00F547C3 /* RLPItemConvertible.swift */; };
		92C649CA2281D87A00F547C3 /* RLPItemConvertible.swift in Sources */ = {isa = PBXBuildFile; fileRef = 92C649BA2281D87A00F547C3 /* RLPItemConvertible.swift */; };
		92C649CB2281D87A00F547C3 /* RLPItemConvertible.swift in Sources */ = {isa = PBXBuildFile; fileRef = 92C649BA2281D87A00F547C3 /* RLPItemConvertible.swift */; };
		92C649CC2281D87A00F547C3 /* Types+RLPItemConvertible.swift in Sources */ = {isa = PBXBuildFile; fileRef = 92C649BB2281D87A00F547C3 /* Types+RLPItemConvertible.swift */; };
		92C649CD2281D87A00F547C3 /* Types+RLPItemConvertible.swift in Sources */ = {isa = PBXBuildFile; fileRef = 92C649BB2281D87A00F547C3 /* Types+RLPItemConvertible.swift */; };
		92C649CE2281D87A00F547C3 /* Types+RLPItemConvertible.swift in Sources */ = {isa = PBXBuildFile; fileRef = 92C649BB2281D87A00F547C3 /* Types+RLPItemConvertible.swift */; };
		92C649CF2281D87A00F547C3 /* Types+RLPItemConvertible.swift in Sources */ = {isa = PBXBuildFile; fileRef = 92C649BB2281D87A00F547C3 /* Types+RLPItemConvertible.swift */; };
		92C649D12281DA8600F547C3 /* UnsignedInteger+Data.swift in Sources */ = {isa = PBXBuildFile; fileRef = 92C649D02281DA8600F547C3 /* UnsignedInteger+Data.swift */; };
		92C649D22281DA8600F547C3 /* UnsignedInteger+Data.swift in Sources */ = {isa = PBXBuildFile; fileRef = 92C649D02281DA8600F547C3 /* UnsignedInteger+Data.swift */; };
		92C649D32281DA8600F547C3 /* UnsignedInteger+Data.swift in Sources */ = {isa = PBXBuildFile; fileRef = 92C649D02281DA8600F547C3 /* UnsignedInteger+Data.swift */; };
		92C649D42281DA8600F547C3 /* UnsignedInteger+Data.swift in Sources */ = {isa = PBXBuildFile; fileRef = 92C649D02281DA8600F547C3 /* UnsignedInteger+Data.swift */; };
		92C649DA2281EA6B00F547C3 /* ABIConvertibleTests.swift in Sources */ = {isa = PBXBuildFile; fileRef = 92C649D62281EA6B00F547C3 /* ABIConvertibleTests.swift */; };
		92C649DB2281EA6B00F547C3 /* ABIConvertibleTests.swift in Sources */ = {isa = PBXBuildFile; fileRef = 92C649D62281EA6B00F547C3 /* ABIConvertibleTests.swift */; };
		92C649DC2281EA6B00F547C3 /* ABIConvertibleTests.swift in Sources */ = {isa = PBXBuildFile; fileRef = 92C649D62281EA6B00F547C3 /* ABIConvertibleTests.swift */; };
		92C649DD2281EA6B00F547C3 /* ABITests.swift in Sources */ = {isa = PBXBuildFile; fileRef = 92C649D72281EA6B00F547C3 /* ABITests.swift */; };
		92C649DE2281EA6B00F547C3 /* ABITests.swift in Sources */ = {isa = PBXBuildFile; fileRef = 92C649D72281EA6B00F547C3 /* ABITests.swift */; };
		92C649DF2281EA6B00F547C3 /* ABITests.swift in Sources */ = {isa = PBXBuildFile; fileRef = 92C649D72281EA6B00F547C3 /* ABITests.swift */; };
		92C649E02281EA6B00F547C3 /* WrappedValueTests.swift in Sources */ = {isa = PBXBuildFile; fileRef = 92C649D82281EA6B00F547C3 /* WrappedValueTests.swift */; };
		92C649E12281EA6B00F547C3 /* WrappedValueTests.swift in Sources */ = {isa = PBXBuildFile; fileRef = 92C649D82281EA6B00F547C3 /* WrappedValueTests.swift */; };
		92C649E22281EA6B00F547C3 /* WrappedValueTests.swift in Sources */ = {isa = PBXBuildFile; fileRef = 92C649D82281EA6B00F547C3 /* WrappedValueTests.swift */; };
		92C649E32281EA6B00F547C3 /* SolidityTypeTests.swift in Sources */ = {isa = PBXBuildFile; fileRef = 92C649D92281EA6B00F547C3 /* SolidityTypeTests.swift */; };
		92C649E42281EA6B00F547C3 /* SolidityTypeTests.swift in Sources */ = {isa = PBXBuildFile; fileRef = 92C649D92281EA6B00F547C3 /* SolidityTypeTests.swift */; };
		92C649E52281EA6B00F547C3 /* SolidityTypeTests.swift in Sources */ = {isa = PBXBuildFile; fileRef = 92C649D92281EA6B00F547C3 /* SolidityTypeTests.swift */; };
		92C649EA2281EF3C00F547C3 /* SolidityType+Codable.swift in Sources */ = {isa = PBXBuildFile; fileRef = 92C649E62281EF3700F547C3 /* SolidityType+Codable.swift */; };
		92C649EB2281EF3D00F547C3 /* SolidityType+Codable.swift in Sources */ = {isa = PBXBuildFile; fileRef = 92C649E62281EF3700F547C3 /* SolidityType+Codable.swift */; };
		92C649EC2281EF3D00F547C3 /* SolidityType+Codable.swift in Sources */ = {isa = PBXBuildFile; fileRef = 92C649E62281EF3700F547C3 /* SolidityType+Codable.swift */; };
		92C649ED2281EF3E00F547C3 /* SolidityType+Codable.swift in Sources */ = {isa = PBXBuildFile; fileRef = 92C649E62281EF3700F547C3 /* SolidityType+Codable.swift */; };
		92C64A59228213C400F547C3 /* EthData.swift in Sources */ = {isa = PBXBuildFile; fileRef = 92C64A58228213C400F547C3 /* EthData.swift */; };
		92C64A5A228213C400F547C3 /* EthData.swift in Sources */ = {isa = PBXBuildFile; fileRef = 92C64A58228213C400F547C3 /* EthData.swift */; };
		92C64A5B228213C400F547C3 /* EthData.swift in Sources */ = {isa = PBXBuildFile; fileRef = 92C64A58228213C400F547C3 /* EthData.swift */; };
		92C64A5C228213C400F547C3 /* EthData.swift in Sources */ = {isa = PBXBuildFile; fileRef = 92C64A58228213C400F547C3 /* EthData.swift */; };
		D12549A42285FFB70025277B /* RLPItemTests.swift in Sources */ = {isa = PBXBuildFile; fileRef = D12549A32285FFB70025277B /* RLPItemTests.swift */; };
		D12549A52285FFB70025277B /* RLPItemTests.swift in Sources */ = {isa = PBXBuildFile; fileRef = D12549A32285FFB70025277B /* RLPItemTests.swift */; };
		D12549A62285FFB70025277B /* RLPItemTests.swift in Sources */ = {isa = PBXBuildFile; fileRef = D12549A32285FFB70025277B /* RLPItemTests.swift */; };
		D12549A922860AA10025277B /* AddressTests.swift in Sources */ = {isa = PBXBuildFile; fileRef = D12549A822860AA10025277B /* AddressTests.swift */; };
		D12549AA22860AA10025277B /* AddressTests.swift in Sources */ = {isa = PBXBuildFile; fileRef = D12549A822860AA10025277B /* AddressTests.swift */; };
		D12549AB22860AA10025277B /* AddressTests.swift in Sources */ = {isa = PBXBuildFile; fileRef = D12549A822860AA10025277B /* AddressTests.swift */; };
		D188B6F422861B2B00E5EE99 /* TransactionTests.swift in Sources */ = {isa = PBXBuildFile; fileRef = D188B6F322861B2B00E5EE99 /* TransactionTests.swift */; };
		D188B6F522861B2B00E5EE99 /* TransactionTests.swift in Sources */ = {isa = PBXBuildFile; fileRef = D188B6F322861B2B00E5EE99 /* TransactionTests.swift */; };
		D188B6F622861B2B00E5EE99 /* TransactionTests.swift in Sources */ = {isa = PBXBuildFile; fileRef = D188B6F322861B2B00E5EE99 /* TransactionTests.swift */; };
		D19AD0642285D09D002E933D /* RLPEncoderTests.swift in Sources */ = {isa = PBXBuildFile; fileRef = D19AD0632285D09D002E933D /* RLPEncoderTests.swift */; };
		D19AD0652285D09D002E933D /* RLPEncoderTests.swift in Sources */ = {isa = PBXBuildFile; fileRef = D19AD0632285D09D002E933D /* RLPEncoderTests.swift */; };
		D19AD0662285D09D002E933D /* RLPEncoderTests.swift in Sources */ = {isa = PBXBuildFile; fileRef = D19AD0632285D09D002E933D /* RLPEncoderTests.swift */; };
		D19AD0682285E24C002E933D /* RLPDecoderTests.swift in Sources */ = {isa = PBXBuildFile; fileRef = D19AD0672285E24C002E933D /* RLPDecoderTests.swift */; };
		D19AD0692285E24C002E933D /* RLPDecoderTests.swift in Sources */ = {isa = PBXBuildFile; fileRef = D19AD0672285E24C002E933D /* RLPDecoderTests.swift */; };
		D19AD06A2285E24C002E933D /* RLPDecoderTests.swift in Sources */ = {isa = PBXBuildFile; fileRef = D19AD0672285E24C002E933D /* RLPDecoderTests.swift */; };
		D1BD6A2A2289A17600797A0E /* Uint+DataRepresentableTests.swift in Sources */ = {isa = PBXBuildFile; fileRef = D1BD6A292289A17600797A0E /* Uint+DataRepresentableTests.swift */; };
		D1BD6A2B2289A17600797A0E /* Uint+DataRepresentableTests.swift in Sources */ = {isa = PBXBuildFile; fileRef = D1BD6A292289A17600797A0E /* Uint+DataRepresentableTests.swift */; };
		D1BD6A2C2289A17600797A0E /* Uint+DataRepresentableTests.swift in Sources */ = {isa = PBXBuildFile; fileRef = D1BD6A292289A17600797A0E /* Uint+DataRepresentableTests.swift */; };
		D1BD6A2F2289AA4F00797A0E /* EthDataTests.swift in Sources */ = {isa = PBXBuildFile; fileRef = D1BD6A2E2289AA4F00797A0E /* EthDataTests.swift */; };
		D1BD6A302289AA4F00797A0E /* EthDataTests.swift in Sources */ = {isa = PBXBuildFile; fileRef = D1BD6A2E2289AA4F00797A0E /* EthDataTests.swift */; };
		D1BD6A312289AA4F00797A0E /* EthDataTests.swift in Sources */ = {isa = PBXBuildFile; fileRef = D1BD6A2E2289AA4F00797A0E /* EthDataTests.swift */; };
		D1BD6A332289B1A400797A0E /* QuantityTests.swift in Sources */ = {isa = PBXBuildFile; fileRef = D1BD6A322289B1A400797A0E /* QuantityTests.swift */; };
		D1BD6A342289B1A400797A0E /* QuantityTests.swift in Sources */ = {isa = PBXBuildFile; fileRef = D1BD6A322289B1A400797A0E /* QuantityTests.swift */; };
		D1BD6A352289B1A400797A0E /* QuantityTests.swift in Sources */ = {isa = PBXBuildFile; fileRef = D1BD6A322289B1A400797A0E /* QuantityTests.swift */; };
		D1BD6A372289BB3000797A0E /* ValueTests.swift in Sources */ = {isa = PBXBuildFile; fileRef = D1BD6A362289BB3000797A0E /* ValueTests.swift */; };
		D1BD6A382289BB3000797A0E /* ValueTests.swift in Sources */ = {isa = PBXBuildFile; fileRef = D1BD6A362289BB3000797A0E /* ValueTests.swift */; };
		D1BD6A392289BB3000797A0E /* ValueTests.swift in Sources */ = {isa = PBXBuildFile; fileRef = D1BD6A362289BB3000797A0E /* ValueTests.swift */; };
/* End PBXBuildFile section */

/* Begin PBXContainerItemProxy section */
		927C59B9224D0BE800F2AA50 /* PBXContainerItemProxy */ = {
			isa = PBXContainerItemProxy;
			containerPortal = 927C59A5224D0BE800F2AA50 /* Project object */;
			proxyType = 1;
			remoteGlobalIDString = 927C59AD224D0BE800F2AA50;
			remoteInfo = Ethereum;
		};
		92B5786C2279FF35003E989D /* PBXContainerItemProxy */ = {
			isa = PBXContainerItemProxy;
			containerPortal = 927C59A5224D0BE800F2AA50 /* Project object */;
			proxyType = 1;
			remoteGlobalIDString = 92B578612279FF35003E989D;
			remoteInfo = "EthereumTypes-tvOS";
		};
		92B578AF227A0068003E989D /* PBXContainerItemProxy */ = {
			isa = PBXContainerItemProxy;
			containerPortal = 927C59A5224D0BE800F2AA50 /* Project object */;
			proxyType = 1;
			remoteGlobalIDString = 92B578A4227A0068003E989D;
			remoteInfo = "EthereumTypes-macOS";
		};
/* End PBXContainerItemProxy section */

/* Begin PBXCopyFilesBuildPhase section */
		92B578402279FDB4003E989D /* Copy Frameworks */ = {
			isa = PBXCopyFilesBuildPhase;
			buildActionMask = 2147483647;
			dstPath = "";
			dstSubfolderSpec = 10;
			files = (
				92B578412279FDCD003E989D /* BigInt.framework in Copy Frameworks */,
				92B578422279FDCD003E989D /* CryptoSwift.framework in Copy Frameworks */,
				92B578442279FDCD003E989D /* Serializable.framework in Copy Frameworks */,
			);
			name = "Copy Frameworks";
			runOnlyForDeploymentPostprocessing = 0;
		};
		92B57892227A0010003E989D /* Copy Frameworks */ = {
			isa = PBXCopyFilesBuildPhase;
			buildActionMask = 2147483647;
			dstPath = "";
			dstSubfolderSpec = 10;
			files = (
				92B57893227A001F003E989D /* BigInt.framework in Copy Frameworks */,
				92B57894227A001F003E989D /* CryptoSwift.framework in Copy Frameworks */,
				92B57896227A001F003E989D /* Serializable.framework in Copy Frameworks */,
			);
			name = "Copy Frameworks";
			runOnlyForDeploymentPostprocessing = 0;
		};
		92B578D7227A01A3003E989D /* Copy Frameworks */ = {
			isa = PBXCopyFilesBuildPhase;
			buildActionMask = 2147483647;
			dstPath = "";
			dstSubfolderSpec = 10;
			files = (
				92B578D8227A01B5003E989D /* BigInt.framework in Copy Frameworks */,
				92B578D9227A01B5003E989D /* CryptoSwift.framework in Copy Frameworks */,
				92B578DB227A01B5003E989D /* Serializable.framework in Copy Frameworks */,
			);
			name = "Copy Frameworks";
			runOnlyForDeploymentPostprocessing = 0;
		};
/* End PBXCopyFilesBuildPhase section */

/* Begin PBXFileReference section */
		927C59AE224D0BE800F2AA50 /* Ethereum.framework */ = {isa = PBXFileReference; explicitFileType = wrapper.framework; includeInIndex = 0; path = Ethereum.framework; sourceTree = BUILT_PRODUCTS_DIR; };
		927C59B2224D0BE800F2AA50 /* Info.plist */ = {isa = PBXFileReference; lastKnownFileType = text.plist.xml; path = Info.plist; sourceTree = "<group>"; };
		927C59B7224D0BE800F2AA50 /* EthereumTests-iOS.xctest */ = {isa = PBXFileReference; explicitFileType = wrapper.cfbundle; includeInIndex = 0; path = "EthereumTests-iOS.xctest"; sourceTree = BUILT_PRODUCTS_DIR; };
		927C59BE224D0BE800F2AA50 /* Info.plist */ = {isa = PBXFileReference; lastKnownFileType = text.plist.xml; path = Info.plist; sourceTree = "<group>"; };
		927C59CA224D0CF000F2AA50 /* SignProvider.swift */ = {isa = PBXFileReference; fileEncoding = 4; lastKnownFileType = sourcecode.swift; path = SignProvider.swift; sourceTree = "<group>"; };
		927C59D0224D0CF000F2AA50 /* Transaction.swift */ = {isa = PBXFileReference; fileEncoding = 4; lastKnownFileType = sourcecode.swift; path = Transaction.swift; sourceTree = "<group>"; };
		927C59D1224D0CF000F2AA50 /* TypedData.swift */ = {isa = PBXFileReference; fileEncoding = 4; lastKnownFileType = sourcecode.swift; path = TypedData.swift; sourceTree = "<group>"; };
		927C59D9224D0E0900F2AA50 /* Address.swift */ = {isa = PBXFileReference; lastKnownFileType = sourcecode.swift; path = Address.swift; sourceTree = "<group>"; };
		927C59E1224D141300F2AA50 /* Tesseract.EthereumTypes.podspec */ = {isa = PBXFileReference; lastKnownFileType = text; path = Tesseract.EthereumTypes.podspec; sourceTree = "<group>"; };
		927C5AC3224E721A00F2AA50 /* APIRegistry.swift */ = {isa = PBXFileReference; lastKnownFileType = sourcecode.swift; path = APIRegistry.swift; sourceTree = "<group>"; };
		92B578322279FC88003E989D /* Package.swift */ = {isa = PBXFileReference; lastKnownFileType = sourcecode.swift; path = Package.swift; sourceTree = "<group>"; };
		92B578352279FD67003E989D /* CryptoSwift.framework */ = {isa = PBXFileReference; lastKnownFileType = wrapper.framework; path = CryptoSwift.framework; sourceTree = "<group>"; };
		92B578362279FD67003E989D /* Serializable.framework */ = {isa = PBXFileReference; lastKnownFileType = wrapper.framework; path = Serializable.framework; sourceTree = "<group>"; };
		92B578372279FD67003E989D /* BigInt.framework */ = {isa = PBXFileReference; lastKnownFileType = wrapper.framework; path = BigInt.framework; sourceTree = "<group>"; };
		92B5784A2279FE5D003E989D /* Ethereum.framework */ = {isa = PBXFileReference; explicitFileType = wrapper.framework; includeInIndex = 0; path = Ethereum.framework; sourceTree = BUILT_PRODUCTS_DIR; };
		92B578622279FF35003E989D /* Ethereum.framework */ = {isa = PBXFileReference; explicitFileType = wrapper.framework; includeInIndex = 0; path = Ethereum.framework; sourceTree = BUILT_PRODUCTS_DIR; };
		92B5786A2279FF35003E989D /* EthereumTests-tvOS.xctest */ = {isa = PBXFileReference; explicitFileType = wrapper.cfbundle; includeInIndex = 0; path = "EthereumTests-tvOS.xctest"; sourceTree = BUILT_PRODUCTS_DIR; };
		92B57886227A0002003E989D /* Serializable.framework */ = {isa = PBXFileReference; lastKnownFileType = wrapper.framework; path = Serializable.framework; sourceTree = "<group>"; };
		92B57887227A0002003E989D /* CryptoSwift.framework */ = {isa = PBXFileReference; lastKnownFileType = wrapper.framework; path = CryptoSwift.framework; sourceTree = "<group>"; };
		92B57889227A0002003E989D /* BigInt.framework */ = {isa = PBXFileReference; lastKnownFileType = wrapper.framework; path = BigInt.framework; sourceTree = "<group>"; };
		92B57898227A0048003E989D /* Serializable.framework */ = {isa = PBXFileReference; lastKnownFileType = wrapper.framework; path = Serializable.framework; sourceTree = "<group>"; };
		92B5789A227A0048003E989D /* BigInt.framework */ = {isa = PBXFileReference; lastKnownFileType = wrapper.framework; path = BigInt.framework; sourceTree = "<group>"; };
		92B5789B227A0048003E989D /* CryptoSwift.framework */ = {isa = PBXFileReference; lastKnownFileType = wrapper.framework; path = CryptoSwift.framework; sourceTree = "<group>"; };
		92B578A5227A0068003E989D /* Ethereum.framework */ = {isa = PBXFileReference; explicitFileType = wrapper.framework; includeInIndex = 0; path = Ethereum.framework; sourceTree = BUILT_PRODUCTS_DIR; };
		92B578AD227A0068003E989D /* EthereumTests-macOS.xctest */ = {isa = PBXFileReference; explicitFileType = wrapper.cfbundle; includeInIndex = 0; path = "EthereumTests-macOS.xctest"; sourceTree = BUILT_PRODUCTS_DIR; };
		92B578BE227A0170003E989D /* CryptoSwift.framework */ = {isa = PBXFileReference; lastKnownFileType = wrapper.framework; path = CryptoSwift.framework; sourceTree = "<group>"; };
		92B578BF227A0170003E989D /* Serializable.framework */ = {isa = PBXFileReference; lastKnownFileType = wrapper.framework; path = Serializable.framework; sourceTree = "<group>"; };
		92B578C1227A0170003E989D /* BigInt.framework */ = {isa = PBXFileReference; lastKnownFileType = wrapper.framework; path = BigInt.framework; sourceTree = "<group>"; };
		92B5790B227AA369003E989D /* Data+Ethereum.swift */ = {isa = PBXFileReference; lastKnownFileType = sourcecode.swift; path = "Data+Ethereum.swift"; sourceTree = "<group>"; };
		92C649232281C23500F547C3 /* ABIConvertible.swift */ = {isa = PBXFileReference; fileEncoding = 4; lastKnownFileType = sourcecode.swift; path = ABIConvertible.swift; sourceTree = "<group>"; };
		92C649252281C23500F547C3 /* SolidityWrappedValue.swift */ = {isa = PBXFileReference; fileEncoding = 4; lastKnownFileType = sourcecode.swift; path = SolidityWrappedValue.swift; sourceTree = "<group>"; };
		92C649282281C23500F547C3 /* ABIEncoder.swift */ = {isa = PBXFileReference; fileEncoding = 4; lastKnownFileType = sourcecode.swift; path = ABIEncoder.swift; sourceTree = "<group>"; };
		92C649292281C23500F547C3 /* SolidityType.swift */ = {isa = PBXFileReference; fileEncoding = 4; lastKnownFileType = sourcecode.swift; path = SolidityType.swift; sourceTree = "<group>"; };
		92C649922281CD8C00F547C3 /* SolidityTuple.swift */ = {isa = PBXFileReference; fileEncoding = 4; lastKnownFileType = sourcecode.swift; path = SolidityTuple.swift; sourceTree = "<group>"; };
		92C649982281CE8A00F547C3 /* ValueConvertible.swift */ = {isa = PBXFileReference; fileEncoding = 4; lastKnownFileType = sourcecode.swift; path = ValueConvertible.swift; sourceTree = "<group>"; };
		92C649992281CE8A00F547C3 /* Value.swift */ = {isa = PBXFileReference; fileEncoding = 4; lastKnownFileType = sourcecode.swift; path = Value.swift; sourceTree = "<group>"; };
		92C6499A2281CE8A00F547C3 /* Types+ValueConvertible.swift */ = {isa = PBXFileReference; fileEncoding = 4; lastKnownFileType = sourcecode.swift; path = "Types+ValueConvertible.swift"; sourceTree = "<group>"; };
		92C649A72281D13800F547C3 /* String+Utils.swift */ = {isa = PBXFileReference; fileEncoding = 4; lastKnownFileType = sourcecode.swift; path = "String+Utils.swift"; sourceTree = "<group>"; };
		92C649AC2281D2A200F547C3 /* Quantity.swift */ = {isa = PBXFileReference; fileEncoding = 4; lastKnownFileType = sourcecode.swift; path = Quantity.swift; sourceTree = "<group>"; };
		92C649B72281D87A00F547C3 /* RLPEncoder.swift */ = {isa = PBXFileReference; fileEncoding = 4; lastKnownFileType = sourcecode.swift; path = RLPEncoder.swift; sourceTree = "<group>"; };
		92C649B82281D87A00F547C3 /* RLPDecoder.swift */ = {isa = PBXFileReference; fileEncoding = 4; lastKnownFileType = sourcecode.swift; path = RLPDecoder.swift; sourceTree = "<group>"; };
		92C649B92281D87A00F547C3 /* RLPItem.swift */ = {isa = PBXFileReference; fileEncoding = 4; lastKnownFileType = sourcecode.swift; path = RLPItem.swift; sourceTree = "<group>"; };
		92C649BA2281D87A00F547C3 /* RLPItemConvertible.swift */ = {isa = PBXFileReference; fileEncoding = 4; lastKnownFileType = sourcecode.swift; path = RLPItemConvertible.swift; sourceTree = "<group>"; };
		92C649BB2281D87A00F547C3 /* Types+RLPItemConvertible.swift */ = {isa = PBXFileReference; fileEncoding = 4; lastKnownFileType = sourcecode.swift; path = "Types+RLPItemConvertible.swift"; sourceTree = "<group>"; };
		92C649D02281DA8600F547C3 /* UnsignedInteger+Data.swift */ = {isa = PBXFileReference; fileEncoding = 4; lastKnownFileType = sourcecode.swift; path = "UnsignedInteger+Data.swift"; sourceTree = "<group>"; };
		92C649D62281EA6B00F547C3 /* ABIConvertibleTests.swift */ = {isa = PBXFileReference; fileEncoding = 4; lastKnownFileType = sourcecode.swift; path = ABIConvertibleTests.swift; sourceTree = "<group>"; };
		92C649D72281EA6B00F547C3 /* ABITests.swift */ = {isa = PBXFileReference; fileEncoding = 4; lastKnownFileType = sourcecode.swift; path = ABITests.swift; sourceTree = "<group>"; };
		92C649D82281EA6B00F547C3 /* WrappedValueTests.swift */ = {isa = PBXFileReference; fileEncoding = 4; lastKnownFileType = sourcecode.swift; path = WrappedValueTests.swift; sourceTree = "<group>"; };
		92C649D92281EA6B00F547C3 /* SolidityTypeTests.swift */ = {isa = PBXFileReference; fileEncoding = 4; lastKnownFileType = sourcecode.swift; path = SolidityTypeTests.swift; sourceTree = "<group>"; };
		92C649E62281EF3700F547C3 /* SolidityType+Codable.swift */ = {isa = PBXFileReference; fileEncoding = 4; lastKnownFileType = sourcecode.swift; path = "SolidityType+Codable.swift"; sourceTree = "<group>"; };
		92C64A58228213C400F547C3 /* EthData.swift */ = {isa = PBXFileReference; fileEncoding = 4; lastKnownFileType = sourcecode.swift; path = EthData.swift; sourceTree = "<group>"; };
		D12549A32285FFB70025277B /* RLPItemTests.swift */ = {isa = PBXFileReference; lastKnownFileType = sourcecode.swift; path = RLPItemTests.swift; sourceTree = "<group>"; };
		D12549A822860AA10025277B /* AddressTests.swift */ = {isa = PBXFileReference; lastKnownFileType = sourcecode.swift; path = AddressTests.swift; sourceTree = "<group>"; };
		D188B6F322861B2B00E5EE99 /* TransactionTests.swift */ = {isa = PBXFileReference; lastKnownFileType = sourcecode.swift; path = TransactionTests.swift; sourceTree = "<group>"; };
		D19AD0632285D09D002E933D /* RLPEncoderTests.swift */ = {isa = PBXFileReference; lastKnownFileType = sourcecode.swift; path = RLPEncoderTests.swift; sourceTree = "<group>"; };
		D19AD0672285E24C002E933D /* RLPDecoderTests.swift */ = {isa = PBXFileReference; lastKnownFileType = sourcecode.swift; path = RLPDecoderTests.swift; sourceTree = "<group>"; };
		D1BD6A292289A17600797A0E /* Uint+DataRepresentableTests.swift */ = {isa = PBXFileReference; lastKnownFileType = sourcecode.swift; path = "Uint+DataRepresentableTests.swift"; sourceTree = "<group>"; };
		D1BD6A2E2289AA4F00797A0E /* EthDataTests.swift */ = {isa = PBXFileReference; lastKnownFileType = sourcecode.swift; path = EthDataTests.swift; sourceTree = "<group>"; };
		D1BD6A322289B1A400797A0E /* QuantityTests.swift */ = {isa = PBXFileReference; lastKnownFileType = sourcecode.swift; path = QuantityTests.swift; sourceTree = "<group>"; };
		D1BD6A362289BB3000797A0E /* ValueTests.swift */ = {isa = PBXFileReference; lastKnownFileType = sourcecode.swift; path = ValueTests.swift; sourceTree = "<group>"; };
/* End PBXFileReference section */

/* Begin PBXFrameworksBuildPhase section */
		927C59AB224D0BE800F2AA50 /* Frameworks */ = {
			isa = PBXFrameworksBuildPhase;
			buildActionMask = 2147483647;
			files = (
				92B5783E2279FD67003E989D /* BigInt.framework in Frameworks */,
				92B5783A2279FD67003E989D /* CryptoSwift.framework in Frameworks */,
				92B5783C2279FD67003E989D /* Serializable.framework in Frameworks */,
			);
			runOnlyForDeploymentPostprocessing = 0;
		};
		927C59B4224D0BE800F2AA50 /* Frameworks */ = {
			isa = PBXFrameworksBuildPhase;
			buildActionMask = 2147483647;
			files = (
				92B5783B2279FD67003E989D /* CryptoSwift.framework in Frameworks */,
				92B5783D2279FD67003E989D /* Serializable.framework in Frameworks */,
				927C59B8224D0BE800F2AA50 /* Ethereum.framework in Frameworks */,
				92B5783F2279FD67003E989D /* BigInt.framework in Frameworks */,
			);
			runOnlyForDeploymentPostprocessing = 0;
		};
		92B578472279FE5D003E989D /* Frameworks */ = {
			isa = PBXFrameworksBuildPhase;
			buildActionMask = 2147483647;
			files = (
				92B5789C227A0048003E989D /* Serializable.framework in Frameworks */,
				92B5789E227A0048003E989D /* BigInt.framework in Frameworks */,
				92B5789F227A0048003E989D /* CryptoSwift.framework in Frameworks */,
			);
			runOnlyForDeploymentPostprocessing = 0;
		};
		92B5785F2279FF35003E989D /* Frameworks */ = {
			isa = PBXFrameworksBuildPhase;
			buildActionMask = 2147483647;
			files = (
				92B57890227A0002003E989D /* BigInt.framework in Frameworks */,
				92B5788A227A0002003E989D /* Serializable.framework in Frameworks */,
				92B5788C227A0002003E989D /* CryptoSwift.framework in Frameworks */,
			);
			runOnlyForDeploymentPostprocessing = 0;
		};
		92B578672279FF35003E989D /* Frameworks */ = {
			isa = PBXFrameworksBuildPhase;
			buildActionMask = 2147483647;
			files = (
				92B5788D227A0002003E989D /* CryptoSwift.framework in Frameworks */,
				92B5786B2279FF35003E989D /* Ethereum.framework in Frameworks */,
				92B5788B227A0002003E989D /* Serializable.framework in Frameworks */,
				92B57891227A0002003E989D /* BigInt.framework in Frameworks */,
			);
			runOnlyForDeploymentPostprocessing = 0;
		};
		92B578A2227A0068003E989D /* Frameworks */ = {
			isa = PBXFrameworksBuildPhase;
			buildActionMask = 2147483647;
			files = (
				92B578C8227A0170003E989D /* BigInt.framework in Frameworks */,
				92B578C2227A0170003E989D /* CryptoSwift.framework in Frameworks */,
				92B578C4227A0170003E989D /* Serializable.framework in Frameworks */,
			);
			runOnlyForDeploymentPostprocessing = 0;
		};
		92B578AA227A0068003E989D /* Frameworks */ = {
			isa = PBXFrameworksBuildPhase;
			buildActionMask = 2147483647;
			files = (
				92B578AE227A0068003E989D /* Ethereum.framework in Frameworks */,
				92B578C3227A0170003E989D /* CryptoSwift.framework in Frameworks */,
				92B578C5227A0170003E989D /* Serializable.framework in Frameworks */,
				92B578C9227A0170003E989D /* BigInt.framework in Frameworks */,
			);
			runOnlyForDeploymentPostprocessing = 0;
		};
/* End PBXFrameworksBuildPhase section */

/* Begin PBXGroup section */
		927C59A4224D0BE800F2AA50 = {
			isa = PBXGroup;
			children = (
				92B578322279FC88003E989D /* Package.swift */,
				927C59E1224D141300F2AA50 /* Tesseract.EthereumTypes.podspec */,
				927C59C8224D0C3B00F2AA50 /* Sources */,
				927C59C9224D0C5600F2AA50 /* Tests */,
				927C59AF224D0BE800F2AA50 /* Products */,
				F718DA00E8DE85304C9ACA48 /* Frameworks */,
			);
			sourceTree = "<group>";
		};
		927C59AF224D0BE800F2AA50 /* Products */ = {
			isa = PBXGroup;
			children = (
				927C59AE224D0BE800F2AA50 /* Ethereum.framework */,
				927C59B7224D0BE800F2AA50 /* EthereumTests-iOS.xctest */,
				92B5784A2279FE5D003E989D /* Ethereum.framework */,
				92B578622279FF35003E989D /* Ethereum.framework */,
				92B5786A2279FF35003E989D /* EthereumTests-tvOS.xctest */,
				92B578A5227A0068003E989D /* Ethereum.framework */,
				92B578AD227A0068003E989D /* EthereumTests-macOS.xctest */,
			);
			name = Products;
			sourceTree = "<group>";
		};
		927C59B0224D0BE800F2AA50 /* Ethereum */ = {
			isa = PBXGroup;
			children = (
				92C649B62281D87A00F547C3 /* RLP */,
				92C649972281CE7200F547C3 /* Value */,
				92C649222281C23500F547C3 /* ABI */,
				927C59D9224D0E0900F2AA50 /* Address.swift */,
				927C59D1224D0CF000F2AA50 /* TypedData.swift */,
				92C64A58228213C400F547C3 /* EthData.swift */,
				927C59CA224D0CF000F2AA50 /* SignProvider.swift */,
				927C59D0224D0CF000F2AA50 /* Transaction.swift */,
				92C649AC2281D2A200F547C3 /* Quantity.swift */,
				92B5790B227AA369003E989D /* Data+Ethereum.swift */,
				92C649D02281DA8600F547C3 /* UnsignedInteger+Data.swift */,
				927C5AC3224E721A00F2AA50 /* APIRegistry.swift */,
				92C649A72281D13800F547C3 /* String+Utils.swift */,
				927C59B2224D0BE800F2AA50 /* Info.plist */,
			);
			path = Ethereum;
			sourceTree = "<group>";
		};
		927C59BB224D0BE800F2AA50 /* EthereumTests */ = {
			isa = PBXGroup;
			children = (
				D1BD6A2D2289AA1C00797A0E /* JsonTests */,
				D1BD6A2322899EA200797A0E /* ToolboxTests */,
				D12549A722860A840025277B /* TransactionTests */,
				D19AD0622285D005002E933D /* RLPTests */,
				92C649D52281EA4000F547C3 /* ABITests */,
				927C59BE224D0BE800F2AA50 /* Info.plist */,
			);
			path = EthereumTests;
			sourceTree = "<group>";
		};
		927C59C8224D0C3B00F2AA50 /* Sources */ = {
			isa = PBXGroup;
			children = (
				927C59B0224D0BE800F2AA50 /* Ethereum */,
			);
			path = Sources;
			sourceTree = "<group>";
		};
		927C59C9224D0C5600F2AA50 /* Tests */ = {
			isa = PBXGroup;
			children = (
				927C59BB224D0BE800F2AA50 /* EthereumTests */,
			);
			path = Tests;
			sourceTree = "<group>";
		};
		92B578332279FD4A003E989D /* iOS */ = {
			isa = PBXGroup;
			children = (
				92B578372279FD67003E989D /* BigInt.framework */,
				92B578352279FD67003E989D /* CryptoSwift.framework */,
				92B578362279FD67003E989D /* Serializable.framework */,
			);
			path = iOS;
			sourceTree = "<group>";
		};
		92B578852279FFE9003E989D /* tvOS */ = {
			isa = PBXGroup;
			children = (
				92B57889227A0002003E989D /* BigInt.framework */,
				92B57887227A0002003E989D /* CryptoSwift.framework */,
				92B57886227A0002003E989D /* Serializable.framework */,
			);
			path = tvOS;
			sourceTree = "<group>";
		};
		92B57897227A0031003E989D /* watchOS */ = {
			isa = PBXGroup;
			children = (
				92B5789A227A0048003E989D /* BigInt.framework */,
				92B5789B227A0048003E989D /* CryptoSwift.framework */,
				92B57898227A0048003E989D /* Serializable.framework */,
			);
			path = watchOS;
			sourceTree = "<group>";
		};
		92B578BD227A0152003E989D /* Mac */ = {
			isa = PBXGroup;
			children = (
				92B578C1227A0170003E989D /* BigInt.framework */,
				92B578BE227A0170003E989D /* CryptoSwift.framework */,
				92B578BF227A0170003E989D /* Serializable.framework */,
			);
			path = Mac;
			sourceTree = "<group>";
		};
		92C649222281C23500F547C3 /* ABI */ = {
			isa = PBXGroup;
			children = (
				92C649E62281EF3700F547C3 /* SolidityType+Codable.swift */,
				92C649922281CD8C00F547C3 /* SolidityTuple.swift */,
				92C649232281C23500F547C3 /* ABIConvertible.swift */,
				92C649252281C23500F547C3 /* SolidityWrappedValue.swift */,
				92C649282281C23500F547C3 /* ABIEncoder.swift */,
				92C649292281C23500F547C3 /* SolidityType.swift */,
			);
			path = ABI;
			sourceTree = "<group>";
		};
		92C649972281CE7200F547C3 /* Value */ = {
			isa = PBXGroup;
			children = (
				92C649992281CE8A00F547C3 /* Value.swift */,
				92C649982281CE8A00F547C3 /* ValueConvertible.swift */,
				92C6499A2281CE8A00F547C3 /* Types+ValueConvertible.swift */,
			);
			path = Value;
			sourceTree = "<group>";
		};
		92C649B62281D87A00F547C3 /* RLP */ = {
			isa = PBXGroup;
			children = (
				92C649B72281D87A00F547C3 /* RLPEncoder.swift */,
				92C649B82281D87A00F547C3 /* RLPDecoder.swift */,
				92C649B92281D87A00F547C3 /* RLPItem.swift */,
				92C649BA2281D87A00F547C3 /* RLPItemConvertible.swift */,
				92C649BB2281D87A00F547C3 /* Types+RLPItemConvertible.swift */,
			);
			path = RLP;
			sourceTree = "<group>";
		};
		92C649D52281EA4000F547C3 /* ABITests */ = {
			isa = PBXGroup;
			children = (
				92C649D62281EA6B00F547C3 /* ABIConvertibleTests.swift */,
				92C649D72281EA6B00F547C3 /* ABITests.swift */,
				92C649D92281EA6B00F547C3 /* SolidityTypeTests.swift */,
				92C649D82281EA6B00F547C3 /* WrappedValueTests.swift */,
			);
			path = ABITests;
			sourceTree = "<group>";
		};
		D12549A722860A840025277B /* TransactionTests */ = {
			isa = PBXGroup;
			children = (
				D12549A822860AA10025277B /* AddressTests.swift */,
				D188B6F322861B2B00E5EE99 /* TransactionTests.swift */,
			);
			path = TransactionTests;
			sourceTree = "<group>";
		};
		D19AD0622285D005002E933D /* RLPTests */ = {
			isa = PBXGroup;
			children = (
				D19AD0632285D09D002E933D /* RLPEncoderTests.swift */,
				D19AD0672285E24C002E933D /* RLPDecoderTests.swift */,
				D12549A32285FFB70025277B /* RLPItemTests.swift */,
			);
			path = RLPTests;
			sourceTree = "<group>";
		};
		D1BD6A2322899EA200797A0E /* ToolboxTests */ = {
			isa = PBXGroup;
			children = (
				D1BD6A292289A17600797A0E /* Uint+DataRepresentableTests.swift */,
			);
			path = ToolboxTests;
			sourceTree = "<group>";
		};
		D1BD6A2D2289AA1C00797A0E /* JsonTests */ = {
			isa = PBXGroup;
			children = (
				D1BD6A2E2289AA4F00797A0E /* EthDataTests.swift */,
				D1BD6A322289B1A400797A0E /* QuantityTests.swift */,
				D1BD6A362289BB3000797A0E /* ValueTests.swift */,
			);
			path = JsonTests;
			sourceTree = "<group>";
		};
		F718DA00E8DE85304C9ACA48 /* Frameworks */ = {
			isa = PBXGroup;
			children = (
				92B578BD227A0152003E989D /* Mac */,
				92B57897227A0031003E989D /* watchOS */,
				92B578332279FD4A003E989D /* iOS */,
				92B578852279FFE9003E989D /* tvOS */,
			);
			name = Frameworks;
			path = Carthage/Build;
			sourceTree = "<group>";
		};
/* End PBXGroup section */

/* Begin PBXHeadersBuildPhase section */
		927C59A9224D0BE800F2AA50 /* Headers */ = {
			isa = PBXHeadersBuildPhase;
			buildActionMask = 2147483647;
			files = (
			);
			runOnlyForDeploymentPostprocessing = 0;
		};
		92B578452279FE5D003E989D /* Headers */ = {
			isa = PBXHeadersBuildPhase;
			buildActionMask = 2147483647;
			files = (
			);
			runOnlyForDeploymentPostprocessing = 0;
		};
		92B5785D2279FF35003E989D /* Headers */ = {
			isa = PBXHeadersBuildPhase;
			buildActionMask = 2147483647;
			files = (
			);
			runOnlyForDeploymentPostprocessing = 0;
		};
		92B578A0227A0068003E989D /* Headers */ = {
			isa = PBXHeadersBuildPhase;
			buildActionMask = 2147483647;
			files = (
			);
			runOnlyForDeploymentPostprocessing = 0;
		};
/* End PBXHeadersBuildPhase section */

/* Begin PBXNativeTarget section */
		927C59AD224D0BE800F2AA50 /* Ethereum-iOS */ = {
			isa = PBXNativeTarget;
			buildConfigurationList = 927C59C2224D0BE800F2AA50 /* Build configuration list for PBXNativeTarget "Ethereum-iOS" */;
			buildPhases = (
				927C59A9224D0BE800F2AA50 /* Headers */,
				927C59AA224D0BE800F2AA50 /* Sources */,
				927C59AB224D0BE800F2AA50 /* Frameworks */,
				927C59AC224D0BE800F2AA50 /* Resources */,
			);
			buildRules = (
			);
			dependencies = (
			);
			name = "Ethereum-iOS";
			productName = Ethereum;
			productReference = 927C59AE224D0BE800F2AA50 /* Ethereum.framework */;
			productType = "com.apple.product-type.framework";
		};
		927C59B6224D0BE800F2AA50 /* EthereumTests-iOS */ = {
			isa = PBXNativeTarget;
			buildConfigurationList = 927C59C5224D0BE800F2AA50 /* Build configuration list for PBXNativeTarget "EthereumTests-iOS" */;
			buildPhases = (
				927C59B3224D0BE800F2AA50 /* Sources */,
				927C59B4224D0BE800F2AA50 /* Frameworks */,
				92B578402279FDB4003E989D /* Copy Frameworks */,
				927C59B5224D0BE800F2AA50 /* Resources */,
			);
			buildRules = (
			);
			dependencies = (
				927C59BA224D0BE800F2AA50 /* PBXTargetDependency */,
			);
			name = "EthereumTests-iOS";
			productName = EthereumTests;
			productReference = 927C59B7224D0BE800F2AA50 /* EthereumTests-iOS.xctest */;
			productType = "com.apple.product-type.bundle.unit-test";
		};
		92B578492279FE5D003E989D /* Ethereum-watchOS */ = {
			isa = PBXNativeTarget;
			buildConfigurationList = 92B578512279FE5D003E989D /* Build configuration list for PBXNativeTarget "Ethereum-watchOS" */;
			buildPhases = (
				92B578452279FE5D003E989D /* Headers */,
				92B578462279FE5D003E989D /* Sources */,
				92B578472279FE5D003E989D /* Frameworks */,
				92B578482279FE5D003E989D /* Resources */,
			);
			buildRules = (
			);
			dependencies = (
			);
			name = "Ethereum-watchOS";
			productName = "EthereumTypes-watchOS";
			productReference = 92B5784A2279FE5D003E989D /* Ethereum.framework */;
			productType = "com.apple.product-type.framework";
		};
		92B578612279FF35003E989D /* Ethereum-tvOS */ = {
			isa = PBXNativeTarget;
			buildConfigurationList = 92B578732279FF35003E989D /* Build configuration list for PBXNativeTarget "Ethereum-tvOS" */;
			buildPhases = (
				92B5785D2279FF35003E989D /* Headers */,
				92B5785E2279FF35003E989D /* Sources */,
				92B5785F2279FF35003E989D /* Frameworks */,
				92B578602279FF35003E989D /* Resources */,
			);
			buildRules = (
			);
			dependencies = (
			);
			name = "Ethereum-tvOS";
			productName = "EthereumTypes-tvOS";
			productReference = 92B578622279FF35003E989D /* Ethereum.framework */;
			productType = "com.apple.product-type.framework";
		};
		92B578692279FF35003E989D /* EthereumTests-tvOS */ = {
			isa = PBXNativeTarget;
			buildConfigurationList = 92B578762279FF35003E989D /* Build configuration list for PBXNativeTarget "EthereumTests-tvOS" */;
			buildPhases = (
				92B578662279FF35003E989D /* Sources */,
				92B578672279FF35003E989D /* Frameworks */,
				92B57892227A0010003E989D /* Copy Frameworks */,
				92B578682279FF35003E989D /* Resources */,
			);
			buildRules = (
			);
			dependencies = (
				92B5786D2279FF35003E989D /* PBXTargetDependency */,
			);
			name = "EthereumTests-tvOS";
			productName = "EthereumTypes-tvOSTests";
			productReference = 92B5786A2279FF35003E989D /* EthereumTests-tvOS.xctest */;
			productType = "com.apple.product-type.bundle.unit-test";
		};
		92B578A4227A0068003E989D /* Ethereum-macOS */ = {
			isa = PBXNativeTarget;
			buildConfigurationList = 92B578B6227A0068003E989D /* Build configuration list for PBXNativeTarget "Ethereum-macOS" */;
			buildPhases = (
				92B578A0227A0068003E989D /* Headers */,
				92B578A1227A0068003E989D /* Sources */,
				92B578A2227A0068003E989D /* Frameworks */,
				92B578A3227A0068003E989D /* Resources */,
			);
			buildRules = (
			);
			dependencies = (
			);
			name = "Ethereum-macOS";
			productName = "EthereumTypes-macOS";
			productReference = 92B578A5227A0068003E989D /* Ethereum.framework */;
			productType = "com.apple.product-type.framework";
		};
		92B578AC227A0068003E989D /* EthereumTests-macOS */ = {
			isa = PBXNativeTarget;
			buildConfigurationList = 92B578B9227A0068003E989D /* Build configuration list for PBXNativeTarget "EthereumTests-macOS" */;
			buildPhases = (
				92B578A9227A0068003E989D /* Sources */,
				92B578AA227A0068003E989D /* Frameworks */,
				92B578D7227A01A3003E989D /* Copy Frameworks */,
				92B578AB227A0068003E989D /* Resources */,
			);
			buildRules = (
			);
			dependencies = (
				92B578B0227A0068003E989D /* PBXTargetDependency */,
			);
			name = "EthereumTests-macOS";
			productName = "EthereumTypes-macOSTests";
			productReference = 92B578AD227A0068003E989D /* EthereumTests-macOS.xctest */;
			productType = "com.apple.product-type.bundle.unit-test";
		};
/* End PBXNativeTarget section */

/* Begin PBXProject section */
		927C59A5224D0BE800F2AA50 /* Project object */ = {
			isa = PBXProject;
			attributes = {
				LastSwiftUpdateCheck = 1020;
				LastUpgradeCheck = 1020;
				ORGANIZATIONNAME = "Tesseract Systems, Inc.";
				TargetAttributes = {
					927C59AD224D0BE800F2AA50 = {
						CreatedOnToolsVersion = 10.2;
						LastSwiftMigration = 1020;
					};
					927C59B6224D0BE800F2AA50 = {
						CreatedOnToolsVersion = 10.2;
					};
					92B578492279FE5D003E989D = {
						CreatedOnToolsVersion = 10.2.1;
					};
					92B578612279FF35003E989D = {
						CreatedOnToolsVersion = 10.2.1;
					};
					92B578692279FF35003E989D = {
						CreatedOnToolsVersion = 10.2.1;
					};
					92B578A4227A0068003E989D = {
						CreatedOnToolsVersion = 10.2.1;
					};
					92B578AC227A0068003E989D = {
						CreatedOnToolsVersion = 10.2.1;
					};
				};
			};
			buildConfigurationList = 927C59A8224D0BE800F2AA50 /* Build configuration list for PBXProject "Ethereum" */;
			compatibilityVersion = "Xcode 9.3";
			developmentRegion = en;
			hasScannedForEncodings = 0;
			knownRegions = (
				en,
				Base,
			);
			mainGroup = 927C59A4224D0BE800F2AA50;
			productRefGroup = 927C59AF224D0BE800F2AA50 /* Products */;
			projectDirPath = "";
			projectRoot = "";
			targets = (
				92B578A4227A0068003E989D /* Ethereum-macOS */,
				92B578AC227A0068003E989D /* EthereumTests-macOS */,
				927C59AD224D0BE800F2AA50 /* Ethereum-iOS */,
				927C59B6224D0BE800F2AA50 /* EthereumTests-iOS */,
				92B578612279FF35003E989D /* Ethereum-tvOS */,
				92B578692279FF35003E989D /* EthereumTests-tvOS */,
				92B578492279FE5D003E989D /* Ethereum-watchOS */,
			);
		};
/* End PBXProject section */

/* Begin PBXResourcesBuildPhase section */
		927C59AC224D0BE800F2AA50 /* Resources */ = {
			isa = PBXResourcesBuildPhase;
			buildActionMask = 2147483647;
			files = (
			);
			runOnlyForDeploymentPostprocessing = 0;
		};
		927C59B5224D0BE800F2AA50 /* Resources */ = {
			isa = PBXResourcesBuildPhase;
			buildActionMask = 2147483647;
			files = (
			);
			runOnlyForDeploymentPostprocessing = 0;
		};
		92B578482279FE5D003E989D /* Resources */ = {
			isa = PBXResourcesBuildPhase;
			buildActionMask = 2147483647;
			files = (
			);
			runOnlyForDeploymentPostprocessing = 0;
		};
		92B578602279FF35003E989D /* Resources */ = {
			isa = PBXResourcesBuildPhase;
			buildActionMask = 2147483647;
			files = (
			);
			runOnlyForDeploymentPostprocessing = 0;
		};
		92B578682279FF35003E989D /* Resources */ = {
			isa = PBXResourcesBuildPhase;
			buildActionMask = 2147483647;
			files = (
			);
			runOnlyForDeploymentPostprocessing = 0;
		};
		92B578A3227A0068003E989D /* Resources */ = {
			isa = PBXResourcesBuildPhase;
			buildActionMask = 2147483647;
			files = (
			);
			runOnlyForDeploymentPostprocessing = 0;
		};
		92B578AB227A0068003E989D /* Resources */ = {
			isa = PBXResourcesBuildPhase;
			buildActionMask = 2147483647;
			files = (
			);
			runOnlyForDeploymentPostprocessing = 0;
		};
/* End PBXResourcesBuildPhase section */

/* Begin PBXSourcesBuildPhase section */
		927C59AA224D0BE800F2AA50 /* Sources */ = {
			isa = PBXSourcesBuildPhase;
			buildActionMask = 2147483647;
			files = (
				92C649A92281D13800F547C3 /* String+Utils.swift in Sources */,
				92C6499C2281CE8A00F547C3 /* ValueConvertible.swift in Sources */,
				92C649352281C23500F547C3 /* SolidityWrappedValue.swift in Sources */,
				92C649BD2281D87A00F547C3 /* RLPEncoder.swift in Sources */,
				92C649C12281D87A00F547C3 /* RLPDecoder.swift in Sources */,
				92C649A02281CE8A00F547C3 /* Value.swift in Sources */,
				92C649D22281DA8600F547C3 /* UnsignedInteger+Data.swift in Sources */,
				92C64A5A228213C400F547C3 /* EthData.swift in Sources */,
				92C649942281CD8C00F547C3 /* SolidityTuple.swift in Sources */,
				92C649452281C23500F547C3 /* SolidityType.swift in Sources */,
				92C6492D2281C23500F547C3 /* ABIConvertible.swift in Sources */,
				92C649C92281D87A00F547C3 /* RLPItemConvertible.swift in Sources */,
				92C649A42281CE8A00F547C3 /* Types+ValueConvertible.swift in Sources */,
				92C649EC2281EF3D00F547C3 /* SolidityType+Codable.swift in Sources */,
				92C649412281C23500F547C3 /* ABIEncoder.swift in Sources */,
				92C649CD2281D87A00F547C3 /* Types+RLPItemConvertible.swift in Sources */,
				927C59D2224D0CF000F2AA50 /* SignProvider.swift in Sources */,
				92B5790D227AA369003E989D /* Data+Ethereum.swift in Sources */,
				92C649AF2281D2A200F547C3 /* Quantity.swift in Sources */,
				927C5AC4224E721A00F2AA50 /* APIRegistry.swift in Sources */,
				927C59D8224D0CF000F2AA50 /* TypedData.swift in Sources */,
				92C649C52281D87A00F547C3 /* RLPItem.swift in Sources */,
				927C59DA224D0E0900F2AA50 /* Address.swift in Sources */,
				927C59D7224D0CF000F2AA50 /* Transaction.swift in Sources */,
			);
			runOnlyForDeploymentPostprocessing = 0;
		};
		927C59B3224D0BE800F2AA50 /* Sources */ = {
			isa = PBXSourcesBuildPhase;
			buildActionMask = 2147483647;
			files = (
				92C649DE2281EA6B00F547C3 /* ABITests.swift in Sources */,
				D188B6F522861B2B00E5EE99 /* TransactionTests.swift in Sources */,
				D19AD0692285E24C002E933D /* RLPDecoderTests.swift in Sources */,
				D1BD6A2B2289A17600797A0E /* Uint+DataRepresentableTests.swift in Sources */,
				D1BD6A342289B1A400797A0E /* QuantityTests.swift in Sources */,
				D12549AA22860AA10025277B /* AddressTests.swift in Sources */,
				92C649E42281EA6B00F547C3 /* SolidityTypeTests.swift in Sources */,
				92C649E12281EA6B00F547C3 /* WrappedValueTests.swift in Sources */,
				D1BD6A382289BB3000797A0E /* ValueTests.swift in Sources */,
				D19AD0652285D09D002E933D /* RLPEncoderTests.swift in Sources */,
				D12549A52285FFB70025277B /* RLPItemTests.swift in Sources */,
				92C649DB2281EA6B00F547C3 /* ABIConvertibleTests.swift in Sources */,
				D1BD6A302289AA4F00797A0E /* EthDataTests.swift in Sources */,
			);
			runOnlyForDeploymentPostprocessing = 0;
		};
		92B578462279FE5D003E989D /* Sources */ = {
			isa = PBXSourcesBuildPhase;
			buildActionMask = 2147483647;
			files = (
				92C649AB2281D13800F547C3 /* String+Utils.swift in Sources */,
				92C6499E2281CE8A00F547C3 /* ValueConvertible.swift in Sources */,
				92C649372281C23500F547C3 /* SolidityWrappedValue.swift in Sources */,
				92C649BF2281D87A00F547C3 /* RLPEncoder.swift in Sources */,
				92C649C32281D87A00F547C3 /* RLPDecoder.swift in Sources */,
				92C649A22281CE8A00F547C3 /* Value.swift in Sources */,
				92C649D42281DA8600F547C3 /* UnsignedInteger+Data.swift in Sources */,
				92C64A5C228213C400F547C3 /* EthData.swift in Sources */,
				92C649962281CD8C00F547C3 /* SolidityTuple.swift in Sources */,
				92C649472281C23500F547C3 /* SolidityType.swift in Sources */,
				92C6492F2281C23500F547C3 /* ABIConvertible.swift in Sources */,
				92C649CB2281D87A00F547C3 /* RLPItemConvertible.swift in Sources */,
				92C649A62281CE8A00F547C3 /* Types+ValueConvertible.swift in Sources */,
				92C649EA2281EF3C00F547C3 /* SolidityType+Codable.swift in Sources */,
				92C649432281C23500F547C3 /* ABIEncoder.swift in Sources */,
				92C649CF2281D87A00F547C3 /* Types+RLPItemConvertible.swift in Sources */,
				92B578572279FECC003E989D /* APIRegistry.swift in Sources */,
				92C649B12281D2A200F547C3 /* Quantity.swift in Sources */,
				92B5790F227AA369003E989D /* Data+Ethereum.swift in Sources */,
				92B578532279FECC003E989D /* TypedData.swift in Sources */,
				92B578542279FECC003E989D /* SignProvider.swift in Sources */,
				92C649C72281D87A00F547C3 /* RLPItem.swift in Sources */,
				92B578552279FECC003E989D /* Transaction.swift in Sources */,
				92B578522279FECC003E989D /* Address.swift in Sources */,
			);
			runOnlyForDeploymentPostprocessing = 0;
		};
		92B5785E2279FF35003E989D /* Sources */ = {
			isa = PBXSourcesBuildPhase;
			buildActionMask = 2147483647;
			files = (
				92C649AA2281D13800F547C3 /* String+Utils.swift in Sources */,
				92C6499D2281CE8A00F547C3 /* ValueConvertible.swift in Sources */,
				92C649362281C23500F547C3 /* SolidityWrappedValue.swift in Sources */,
				92C649BE2281D87A00F547C3 /* RLPEncoder.swift in Sources */,
				92C649C22281D87A00F547C3 /* RLPDecoder.swift in Sources */,
				92C649A12281CE8A00F547C3 /* Value.swift in Sources */,
				92C649D32281DA8600F547C3 /* UnsignedInteger+Data.swift in Sources */,
				92C64A5B228213C400F547C3 /* EthData.swift in Sources */,
				92C649952281CD8C00F547C3 /* SolidityTuple.swift in Sources */,
				92C649462281C23500F547C3 /* SolidityType.swift in Sources */,
				92C6492E2281C23500F547C3 /* ABIConvertible.swift in Sources */,
				92C649CA2281D87A00F547C3 /* RLPItemConvertible.swift in Sources */,
				92C649A52281CE8A00F547C3 /* Types+ValueConvertible.swift in Sources */,
				92C649EB2281EF3D00F547C3 /* SolidityType+Codable.swift in Sources */,
				92C649422281C23500F547C3 /* ABIEncoder.swift in Sources */,
				92C649CE2281D87A00F547C3 /* Types+RLPItemConvertible.swift in Sources */,
				92B5787E2279FFD0003E989D /* APIRegistry.swift in Sources */,
				92C649B02281D2A200F547C3 /* Quantity.swift in Sources */,
				92B5790E227AA369003E989D /* Data+Ethereum.swift in Sources */,
				92B5787A2279FFD0003E989D /* TypedData.swift in Sources */,
				92B5787B2279FFD0003E989D /* SignProvider.swift in Sources */,
				92C649C62281D87A00F547C3 /* RLPItem.swift in Sources */,
				92B5787C2279FFD0003E989D /* Transaction.swift in Sources */,
				92B578792279FFD0003E989D /* Address.swift in Sources */,
			);
			runOnlyForDeploymentPostprocessing = 0;
		};
		92B578662279FF35003E989D /* Sources */ = {
			isa = PBXSourcesBuildPhase;
			buildActionMask = 2147483647;
			files = (
				92C649DF2281EA6B00F547C3 /* ABITests.swift in Sources */,
				D188B6F622861B2B00E5EE99 /* TransactionTests.swift in Sources */,
				D19AD06A2285E24C002E933D /* RLPDecoderTests.swift in Sources */,
				D1BD6A2C2289A17600797A0E /* Uint+DataRepresentableTests.swift in Sources */,
				D1BD6A352289B1A400797A0E /* QuantityTests.swift in Sources */,
				D12549AB22860AA10025277B /* AddressTests.swift in Sources */,
				92C649E52281EA6B00F547C3 /* SolidityTypeTests.swift in Sources */,
				92C649E22281EA6B00F547C3 /* WrappedValueTests.swift in Sources */,
				D1BD6A392289BB3000797A0E /* ValueTests.swift in Sources */,
				D19AD0662285D09D002E933D /* RLPEncoderTests.swift in Sources */,
				D12549A62285FFB70025277B /* RLPItemTests.swift in Sources */,
				92C649DC2281EA6B00F547C3 /* ABIConvertibleTests.swift in Sources */,
				D1BD6A312289AA4F00797A0E /* EthDataTests.swift in Sources */,
			);
			runOnlyForDeploymentPostprocessing = 0;
		};
		92B578A1227A0068003E989D /* Sources */ = {
			isa = PBXSourcesBuildPhase;
			buildActionMask = 2147483647;
			files = (
				92C649A82281D13800F547C3 /* String+Utils.swift in Sources */,
				92C6499B2281CE8A00F547C3 /* ValueConvertible.swift in Sources */,
				92C649342281C23500F547C3 /* SolidityWrappedValue.swift in Sources */,
				92C649BC2281D87A00F547C3 /* RLPEncoder.swift in Sources */,
				92C649C02281D87A00F547C3 /* RLPDecoder.swift in Sources */,
				92C6499F2281CE8A00F547C3 /* Value.swift in Sources */,
				92C649D12281DA8600F547C3 /* UnsignedInteger+Data.swift in Sources */,
				92C64A59228213C400F547C3 /* EthData.swift in Sources */,
				92C649932281CD8C00F547C3 /* SolidityTuple.swift in Sources */,
				92C649442281C23500F547C3 /* SolidityType.swift in Sources */,
				92C6492C2281C23500F547C3 /* ABIConvertible.swift in Sources */,
				92C649C82281D87A00F547C3 /* RLPItemConvertible.swift in Sources */,
				92C649A32281CE8A00F547C3 /* Types+ValueConvertible.swift in Sources */,
				92C649ED2281EF3E00F547C3 /* SolidityType+Codable.swift in Sources */,
				92C649402281C23500F547C3 /* ABIEncoder.swift in Sources */,
				92C649CC2281D87A00F547C3 /* Types+RLPItemConvertible.swift in Sources */,
				92B578CF227A017A003E989D /* APIRegistry.swift in Sources */,
				92C649AE2281D2A200F547C3 /* Quantity.swift in Sources */,
				92B5790C227AA369003E989D /* Data+Ethereum.swift in Sources */,
				92B578CB227A017A003E989D /* TypedData.swift in Sources */,
				92B578CC227A017A003E989D /* SignProvider.swift in Sources */,
				92C649C42281D87A00F547C3 /* RLPItem.swift in Sources */,
				92B578CD227A017A003E989D /* Transaction.swift in Sources */,
				92B578CA227A017A003E989D /* Address.swift in Sources */,
			);
			runOnlyForDeploymentPostprocessing = 0;
		};
		92B578A9227A0068003E989D /* Sources */ = {
			isa = PBXSourcesBuildPhase;
			buildActionMask = 2147483647;
			files = (
				92C649DD2281EA6B00F547C3 /* ABITests.swift in Sources */,
				D188B6F422861B2B00E5EE99 /* TransactionTests.swift in Sources */,
				D19AD0682285E24C002E933D /* RLPDecoderTests.swift in Sources */,
				D1BD6A2A2289A17600797A0E /* Uint+DataRepresentableTests.swift in Sources */,
				D1BD6A332289B1A400797A0E /* QuantityTests.swift in Sources */,
				D12549A922860AA10025277B /* AddressTests.swift in Sources */,
				92C649E32281EA6B00F547C3 /* SolidityTypeTests.swift in Sources */,
				92C649E02281EA6B00F547C3 /* WrappedValueTests.swift in Sources */,
				D1BD6A372289BB3000797A0E /* ValueTests.swift in Sources */,
				D19AD0642285D09D002E933D /* RLPEncoderTests.swift in Sources */,
				D12549A42285FFB70025277B /* RLPItemTests.swift in Sources */,
				92C649DA2281EA6B00F547C3 /* ABIConvertibleTests.swift in Sources */,
				D1BD6A2F2289AA4F00797A0E /* EthDataTests.swift in Sources */,
			);
			runOnlyForDeploymentPostprocessing = 0;
		};
/* End PBXSourcesBuildPhase section */

/* Begin PBXTargetDependency section */
		927C59BA224D0BE800F2AA50 /* PBXTargetDependency */ = {
			isa = PBXTargetDependency;
			target = 927C59AD224D0BE800F2AA50 /* Ethereum-iOS */;
			targetProxy = 927C59B9224D0BE800F2AA50 /* PBXContainerItemProxy */;
		};
		92B5786D2279FF35003E989D /* PBXTargetDependency */ = {
			isa = PBXTargetDependency;
			target = 92B578612279FF35003E989D /* Ethereum-tvOS */;
			targetProxy = 92B5786C2279FF35003E989D /* PBXContainerItemProxy */;
		};
		92B578B0227A0068003E989D /* PBXTargetDependency */ = {
			isa = PBXTargetDependency;
			target = 92B578A4227A0068003E989D /* Ethereum-macOS */;
			targetProxy = 92B578AF227A0068003E989D /* PBXContainerItemProxy */;
		};
/* End PBXTargetDependency section */

/* Begin XCBuildConfiguration section */
		927C59C0224D0BE800F2AA50 /* Debug */ = {
			isa = XCBuildConfiguration;
			buildSettings = {
				ALWAYS_SEARCH_USER_PATHS = NO;
				APPLICATION_EXTENSION_API_ONLY = YES;
				CLANG_ANALYZER_NONNULL = YES;
				CLANG_ANALYZER_NUMBER_OBJECT_CONVERSION = YES_AGGRESSIVE;
				CLANG_CXX_LANGUAGE_STANDARD = "gnu++14";
				CLANG_CXX_LIBRARY = "libc++";
				CLANG_ENABLE_MODULES = YES;
				CLANG_ENABLE_OBJC_ARC = YES;
				CLANG_ENABLE_OBJC_WEAK = YES;
				CLANG_WARN_BLOCK_CAPTURE_AUTORELEASING = YES;
				CLANG_WARN_BOOL_CONVERSION = YES;
				CLANG_WARN_COMMA = YES;
				CLANG_WARN_CONSTANT_CONVERSION = YES;
				CLANG_WARN_DEPRECATED_OBJC_IMPLEMENTATIONS = YES;
				CLANG_WARN_DIRECT_OBJC_ISA_USAGE = YES_ERROR;
				CLANG_WARN_DOCUMENTATION_COMMENTS = YES;
				CLANG_WARN_EMPTY_BODY = YES;
				CLANG_WARN_ENUM_CONVERSION = YES;
				CLANG_WARN_INFINITE_RECURSION = YES;
				CLANG_WARN_INT_CONVERSION = YES;
				CLANG_WARN_NON_LITERAL_NULL_CONVERSION = YES;
				CLANG_WARN_OBJC_IMPLICIT_RETAIN_SELF = YES;
				CLANG_WARN_OBJC_LITERAL_CONVERSION = YES;
				CLANG_WARN_OBJC_ROOT_CLASS = YES_ERROR;
				CLANG_WARN_RANGE_LOOP_ANALYSIS = YES;
				CLANG_WARN_STRICT_PROTOTYPES = YES;
				CLANG_WARN_SUSPICIOUS_MOVE = YES;
				CLANG_WARN_UNGUARDED_AVAILABILITY = YES_AGGRESSIVE;
				CLANG_WARN_UNREACHABLE_CODE = YES;
				CLANG_WARN__DUPLICATE_METHOD_MATCH = YES;
				CODE_SIGN_IDENTITY = "iPhone Developer";
				COPY_PHASE_STRIP = NO;
				CURRENT_PROJECT_VERSION = 1;
				DEBUG_INFORMATION_FORMAT = dwarf;
				ENABLE_STRICT_OBJC_MSGSEND = YES;
				ENABLE_TESTABILITY = YES;
				GCC_C_LANGUAGE_STANDARD = gnu11;
				GCC_DYNAMIC_NO_PIC = NO;
				GCC_NO_COMMON_BLOCKS = YES;
				GCC_OPTIMIZATION_LEVEL = 0;
				GCC_PREPROCESSOR_DEFINITIONS = (
					"DEBUG=1",
					"$(inherited)",
				);
				GCC_WARN_64_TO_32_BIT_CONVERSION = YES;
				GCC_WARN_ABOUT_RETURN_TYPE = YES_ERROR;
				GCC_WARN_UNDECLARED_SELECTOR = YES;
				GCC_WARN_UNINITIALIZED_AUTOS = YES_AGGRESSIVE;
				GCC_WARN_UNUSED_FUNCTION = YES;
				GCC_WARN_UNUSED_VARIABLE = YES;
				IPHONEOS_DEPLOYMENT_TARGET = 8.0;
				MACOSX_DEPLOYMENT_TARGET = 10.10;
				MTL_ENABLE_DEBUG_INFO = INCLUDE_SOURCE;
				MTL_FAST_MATH = YES;
				ONLY_ACTIVE_ARCH = YES;
				SDKROOT = iphoneos;
				SWIFT_ACTIVE_COMPILATION_CONDITIONS = "DEBUG COCOAPODS";
				SWIFT_OPTIMIZATION_LEVEL = "-Onone";
				SWIFT_VERSION = 5.0;
				TVOS_DEPLOYMENT_TARGET = 9.0;
				VERSIONING_SYSTEM = "apple-generic";
				VERSION_INFO_PREFIX = "";
				WATCHOS_DEPLOYMENT_TARGET = 2.0;
			};
			name = Debug;
		};
		927C59C1224D0BE800F2AA50 /* Release */ = {
			isa = XCBuildConfiguration;
			buildSettings = {
				ALWAYS_SEARCH_USER_PATHS = NO;
				APPLICATION_EXTENSION_API_ONLY = YES;
				CLANG_ANALYZER_NONNULL = YES;
				CLANG_ANALYZER_NUMBER_OBJECT_CONVERSION = YES_AGGRESSIVE;
				CLANG_CXX_LANGUAGE_STANDARD = "gnu++14";
				CLANG_CXX_LIBRARY = "libc++";
				CLANG_ENABLE_MODULES = YES;
				CLANG_ENABLE_OBJC_ARC = YES;
				CLANG_ENABLE_OBJC_WEAK = YES;
				CLANG_WARN_BLOCK_CAPTURE_AUTORELEASING = YES;
				CLANG_WARN_BOOL_CONVERSION = YES;
				CLANG_WARN_COMMA = YES;
				CLANG_WARN_CONSTANT_CONVERSION = YES;
				CLANG_WARN_DEPRECATED_OBJC_IMPLEMENTATIONS = YES;
				CLANG_WARN_DIRECT_OBJC_ISA_USAGE = YES_ERROR;
				CLANG_WARN_DOCUMENTATION_COMMENTS = YES;
				CLANG_WARN_EMPTY_BODY = YES;
				CLANG_WARN_ENUM_CONVERSION = YES;
				CLANG_WARN_INFINITE_RECURSION = YES;
				CLANG_WARN_INT_CONVERSION = YES;
				CLANG_WARN_NON_LITERAL_NULL_CONVERSION = YES;
				CLANG_WARN_OBJC_IMPLICIT_RETAIN_SELF = YES;
				CLANG_WARN_OBJC_LITERAL_CONVERSION = YES;
				CLANG_WARN_OBJC_ROOT_CLASS = YES_ERROR;
				CLANG_WARN_RANGE_LOOP_ANALYSIS = YES;
				CLANG_WARN_STRICT_PROTOTYPES = YES;
				CLANG_WARN_SUSPICIOUS_MOVE = YES;
				CLANG_WARN_UNGUARDED_AVAILABILITY = YES_AGGRESSIVE;
				CLANG_WARN_UNREACHABLE_CODE = YES;
				CLANG_WARN__DUPLICATE_METHOD_MATCH = YES;
				CODE_SIGN_IDENTITY = "iPhone Developer";
				COPY_PHASE_STRIP = NO;
				CURRENT_PROJECT_VERSION = 1;
				DEBUG_INFORMATION_FORMAT = "dwarf-with-dsym";
				ENABLE_NS_ASSERTIONS = NO;
				ENABLE_STRICT_OBJC_MSGSEND = YES;
				GCC_C_LANGUAGE_STANDARD = gnu11;
				GCC_NO_COMMON_BLOCKS = YES;
				GCC_WARN_64_TO_32_BIT_CONVERSION = YES;
				GCC_WARN_ABOUT_RETURN_TYPE = YES_ERROR;
				GCC_WARN_UNDECLARED_SELECTOR = YES;
				GCC_WARN_UNINITIALIZED_AUTOS = YES_AGGRESSIVE;
				GCC_WARN_UNUSED_FUNCTION = YES;
				GCC_WARN_UNUSED_VARIABLE = YES;
				IPHONEOS_DEPLOYMENT_TARGET = 8.0;
				MACOSX_DEPLOYMENT_TARGET = 10.10;
				MTL_ENABLE_DEBUG_INFO = NO;
				MTL_FAST_MATH = YES;
				SDKROOT = iphoneos;
				SWIFT_ACTIVE_COMPILATION_CONDITIONS = COCOAPODS;
				SWIFT_COMPILATION_MODE = wholemodule;
				SWIFT_OPTIMIZATION_LEVEL = "-O";
				SWIFT_VERSION = 5.0;
				TVOS_DEPLOYMENT_TARGET = 9.0;
				VALIDATE_PRODUCT = YES;
				VERSIONING_SYSTEM = "apple-generic";
				VERSION_INFO_PREFIX = "";
				WATCHOS_DEPLOYMENT_TARGET = 2.0;
			};
			name = Release;
		};
		927C59C3224D0BE800F2AA50 /* Debug */ = {
			isa = XCBuildConfiguration;
			buildSettings = {
				CLANG_ENABLE_MODULES = YES;
				CODE_SIGN_IDENTITY = "";
				CODE_SIGN_STYLE = Automatic;
				DEFINES_MODULE = YES;
				DYLIB_COMPATIBILITY_VERSION = 1;
				DYLIB_CURRENT_VERSION = 1;
				DYLIB_INSTALL_NAME_BASE = "@rpath";
				FRAMEWORK_SEARCH_PATHS = (
					"$(inherited)",
					"$(PROJECT_DIR)/Carthage/Build/iOS",
				);
				INFOPLIST_FILE = Sources/Ethereum/Info.plist;
				INSTALL_PATH = "$(LOCAL_LIBRARY_DIR)/Frameworks";
				LD_RUNPATH_SEARCH_PATHS = (
					"$(inherited)",
					"@executable_path/Frameworks",
					"@loader_path/Frameworks",
				);
				PRODUCT_BUNDLE_IDENTIFIER = one.tesseract.Ethereum;
				PRODUCT_NAME = "$(PROJECT_NAME)";
				SKIP_INSTALL = YES;
				SWIFT_OPTIMIZATION_LEVEL = "-Onone";
				TARGETED_DEVICE_FAMILY = "1,2";
			};
			name = Debug;
		};
		927C59C4224D0BE800F2AA50 /* Release */ = {
			isa = XCBuildConfiguration;
			buildSettings = {
				CLANG_ENABLE_MODULES = YES;
				CODE_SIGN_IDENTITY = "";
				CODE_SIGN_STYLE = Automatic;
				DEFINES_MODULE = YES;
				DYLIB_COMPATIBILITY_VERSION = 1;
				DYLIB_CURRENT_VERSION = 1;
				DYLIB_INSTALL_NAME_BASE = "@rpath";
				FRAMEWORK_SEARCH_PATHS = (
					"$(inherited)",
					"$(PROJECT_DIR)/Carthage/Build/iOS",
				);
				INFOPLIST_FILE = Sources/Ethereum/Info.plist;
				INSTALL_PATH = "$(LOCAL_LIBRARY_DIR)/Frameworks";
				LD_RUNPATH_SEARCH_PATHS = (
					"$(inherited)",
					"@executable_path/Frameworks",
					"@loader_path/Frameworks",
				);
				PRODUCT_BUNDLE_IDENTIFIER = one.tesseract.Ethereum;
				PRODUCT_NAME = "$(PROJECT_NAME)";
				SKIP_INSTALL = YES;
				TARGETED_DEVICE_FAMILY = "1,2";
			};
			name = Release;
		};
		927C59C6224D0BE800F2AA50 /* Debug */ = {
			isa = XCBuildConfiguration;
			buildSettings = {
				APPLICATION_EXTENSION_API_ONLY = NO;
				CODE_SIGN_STYLE = Automatic;
				FRAMEWORK_SEARCH_PATHS = (
					"$(inherited)",
					"$(PROJECT_DIR)/Carthage/Build/iOS",
				);
				INFOPLIST_FILE = Tests/EthereumTests/Info.plist;
				LD_RUNPATH_SEARCH_PATHS = (
					"$(inherited)",
					"@executable_path/Frameworks",
					"@loader_path/Frameworks",
				);
				PRODUCT_BUNDLE_IDENTIFIER = "one.tesseract.EthereumTests-iOS";
				PRODUCT_NAME = "$(TARGET_NAME)";
				TARGETED_DEVICE_FAMILY = "1,2";
			};
			name = Debug;
		};
		927C59C7224D0BE800F2AA50 /* Release */ = {
			isa = XCBuildConfiguration;
			buildSettings = {
				APPLICATION_EXTENSION_API_ONLY = NO;
				CODE_SIGN_STYLE = Automatic;
				FRAMEWORK_SEARCH_PATHS = (
					"$(inherited)",
					"$(PROJECT_DIR)/Carthage/Build/iOS",
				);
				INFOPLIST_FILE = Tests/EthereumTests/Info.plist;
				LD_RUNPATH_SEARCH_PATHS = (
					"$(inherited)",
					"@executable_path/Frameworks",
					"@loader_path/Frameworks",
				);
				PRODUCT_BUNDLE_IDENTIFIER = "one.tesseract.EthereumTests-iOS";
				PRODUCT_NAME = "$(TARGET_NAME)";
				TARGETED_DEVICE_FAMILY = "1,2";
			};
			name = Release;
		};
		92B5784F2279FE5D003E989D /* Debug */ = {
			isa = XCBuildConfiguration;
			buildSettings = {
				CODE_SIGN_IDENTITY = "";
				CODE_SIGN_STYLE = Automatic;
				DEFINES_MODULE = YES;
				DYLIB_COMPATIBILITY_VERSION = 1;
				DYLIB_CURRENT_VERSION = 1;
				DYLIB_INSTALL_NAME_BASE = "@rpath";
				FRAMEWORK_SEARCH_PATHS = (
					"$(inherited)",
					"$(PROJECT_DIR)/Carthage/Build/watchOS",
				);
				INFOPLIST_FILE = Sources/Ethereum/Info.plist;
				INSTALL_PATH = "$(LOCAL_LIBRARY_DIR)/Frameworks";
				LD_RUNPATH_SEARCH_PATHS = (
					"$(inherited)",
					"@executable_path/Frameworks",
					"@loader_path/Frameworks",
				);
				PRODUCT_BUNDLE_IDENTIFIER = one.tesseract.Ethereum;
				PRODUCT_NAME = "$(PROJECT_NAME)";
				SDKROOT = watchos;
				SKIP_INSTALL = YES;
				TARGETED_DEVICE_FAMILY = 4;
			};
			name = Debug;
		};
		92B578502279FE5D003E989D /* Release */ = {
			isa = XCBuildConfiguration;
			buildSettings = {
				CODE_SIGN_IDENTITY = "";
				CODE_SIGN_STYLE = Automatic;
				DEFINES_MODULE = YES;
				DYLIB_COMPATIBILITY_VERSION = 1;
				DYLIB_CURRENT_VERSION = 1;
				DYLIB_INSTALL_NAME_BASE = "@rpath";
				FRAMEWORK_SEARCH_PATHS = (
					"$(inherited)",
					"$(PROJECT_DIR)/Carthage/Build/watchOS",
				);
				INFOPLIST_FILE = Sources/Ethereum/Info.plist;
				INSTALL_PATH = "$(LOCAL_LIBRARY_DIR)/Frameworks";
				LD_RUNPATH_SEARCH_PATHS = (
					"$(inherited)",
					"@executable_path/Frameworks",
					"@loader_path/Frameworks",
				);
				PRODUCT_BUNDLE_IDENTIFIER = one.tesseract.Ethereum;
				PRODUCT_NAME = "$(PROJECT_NAME)";
				SDKROOT = watchos;
				SKIP_INSTALL = YES;
				TARGETED_DEVICE_FAMILY = 4;
			};
			name = Release;
		};
		92B578742279FF35003E989D /* Debug */ = {
			isa = XCBuildConfiguration;
			buildSettings = {
				CODE_SIGN_IDENTITY = "";
				CODE_SIGN_STYLE = Automatic;
				DEFINES_MODULE = YES;
				DYLIB_COMPATIBILITY_VERSION = 1;
				DYLIB_CURRENT_VERSION = 1;
				DYLIB_INSTALL_NAME_BASE = "@rpath";
				FRAMEWORK_SEARCH_PATHS = (
					"$(inherited)",
					"$(PROJECT_DIR)/Carthage/Build/tvOS",
				);
				INFOPLIST_FILE = Sources/Ethereum/Info.plist;
				INSTALL_PATH = "$(LOCAL_LIBRARY_DIR)/Frameworks";
				LD_RUNPATH_SEARCH_PATHS = (
					"$(inherited)",
					"@executable_path/Frameworks",
					"@loader_path/Frameworks",
				);
				PRODUCT_BUNDLE_IDENTIFIER = one.tesseract.Ethereum;
				PRODUCT_NAME = "$(PROJECT_NAME)";
				SDKROOT = appletvos;
				SKIP_INSTALL = YES;
				TARGETED_DEVICE_FAMILY = 3;
			};
			name = Debug;
		};
		92B578752279FF35003E989D /* Release */ = {
			isa = XCBuildConfiguration;
			buildSettings = {
				CODE_SIGN_IDENTITY = "";
				CODE_SIGN_STYLE = Automatic;
				DEFINES_MODULE = YES;
				DYLIB_COMPATIBILITY_VERSION = 1;
				DYLIB_CURRENT_VERSION = 1;
				DYLIB_INSTALL_NAME_BASE = "@rpath";
				FRAMEWORK_SEARCH_PATHS = (
					"$(inherited)",
					"$(PROJECT_DIR)/Carthage/Build/tvOS",
				);
				INFOPLIST_FILE = Sources/Ethereum/Info.plist;
				INSTALL_PATH = "$(LOCAL_LIBRARY_DIR)/Frameworks";
				LD_RUNPATH_SEARCH_PATHS = (
					"$(inherited)",
					"@executable_path/Frameworks",
					"@loader_path/Frameworks",
				);
				PRODUCT_BUNDLE_IDENTIFIER = one.tesseract.Ethereum;
				PRODUCT_NAME = "$(PROJECT_NAME)";
				SDKROOT = appletvos;
				SKIP_INSTALL = YES;
				TARGETED_DEVICE_FAMILY = 3;
			};
			name = Release;
		};
		92B578772279FF35003E989D /* Debug */ = {
			isa = XCBuildConfiguration;
			buildSettings = {
				ALWAYS_EMBED_SWIFT_STANDARD_LIBRARIES = YES;
				APPLICATION_EXTENSION_API_ONLY = NO;
				CODE_SIGN_STYLE = Automatic;
				FRAMEWORK_SEARCH_PATHS = (
					"$(inherited)",
					"$(PROJECT_DIR)/Carthage/Build/tvOS",
				);
				INFOPLIST_FILE = Tests/EthereumTests/Info.plist;
				LD_RUNPATH_SEARCH_PATHS = (
					"$(inherited)",
					"@executable_path/Frameworks",
					"@loader_path/Frameworks",
				);
				PRODUCT_BUNDLE_IDENTIFIER = "one.tesseract.EthereumTests-tvOS";
				PRODUCT_NAME = "$(TARGET_NAME)";
				SDKROOT = appletvos;
				TARGETED_DEVICE_FAMILY = 3;
			};
			name = Debug;
		};
		92B578782279FF35003E989D /* Release */ = {
			isa = XCBuildConfiguration;
			buildSettings = {
				ALWAYS_EMBED_SWIFT_STANDARD_LIBRARIES = YES;
				APPLICATION_EXTENSION_API_ONLY = NO;
				CODE_SIGN_STYLE = Automatic;
				FRAMEWORK_SEARCH_PATHS = (
					"$(inherited)",
					"$(PROJECT_DIR)/Carthage/Build/tvOS",
				);
				INFOPLIST_FILE = Tests/EthereumTests/Info.plist;
				LD_RUNPATH_SEARCH_PATHS = (
					"$(inherited)",
					"@executable_path/Frameworks",
					"@loader_path/Frameworks",
				);
				PRODUCT_BUNDLE_IDENTIFIER = "one.tesseract.EthereumTests-tvOS";
				PRODUCT_NAME = "$(TARGET_NAME)";
				SDKROOT = appletvos;
				TARGETED_DEVICE_FAMILY = 3;
			};
			name = Release;
		};
		92B578B7227A0068003E989D /* Debug */ = {
			isa = XCBuildConfiguration;
			buildSettings = {
				CODE_SIGN_IDENTITY = "-";
				CODE_SIGN_STYLE = Automatic;
				COMBINE_HIDPI_IMAGES = YES;
				DEFINES_MODULE = YES;
				DYLIB_COMPATIBILITY_VERSION = 1;
				DYLIB_CURRENT_VERSION = 1;
				DYLIB_INSTALL_NAME_BASE = "@rpath";
				FRAMEWORK_SEARCH_PATHS = (
					"$(inherited)",
					"$(PROJECT_DIR)/Carthage/Build/Mac",
				);
				FRAMEWORK_VERSION = A;
				INFOPLIST_FILE = Sources/Ethereum/Info.plist;
				INSTALL_PATH = "$(LOCAL_LIBRARY_DIR)/Frameworks";
				LD_RUNPATH_SEARCH_PATHS = (
					"$(inherited)",
					"@executable_path/../Frameworks",
					"@loader_path/Frameworks",
				);
				PRODUCT_BUNDLE_IDENTIFIER = one.tesseract.Ethereum;
				PRODUCT_NAME = "$(PROJECT_NAME)";
				SDKROOT = macosx;
				SKIP_INSTALL = YES;
			};
			name = Debug;
		};
		92B578B8227A0068003E989D /* Release */ = {
			isa = XCBuildConfiguration;
			buildSettings = {
				CODE_SIGN_IDENTITY = "-";
				CODE_SIGN_STYLE = Automatic;
				COMBINE_HIDPI_IMAGES = YES;
				DEFINES_MODULE = YES;
				DYLIB_COMPATIBILITY_VERSION = 1;
				DYLIB_CURRENT_VERSION = 1;
				DYLIB_INSTALL_NAME_BASE = "@rpath";
				FRAMEWORK_SEARCH_PATHS = (
					"$(inherited)",
					"$(PROJECT_DIR)/Carthage/Build/Mac",
				);
				FRAMEWORK_VERSION = A;
				INFOPLIST_FILE = Sources/Ethereum/Info.plist;
				INSTALL_PATH = "$(LOCAL_LIBRARY_DIR)/Frameworks";
				LD_RUNPATH_SEARCH_PATHS = (
					"$(inherited)",
					"@executable_path/../Frameworks",
					"@loader_path/Frameworks",
				);
				PRODUCT_BUNDLE_IDENTIFIER = one.tesseract.Ethereum;
				PRODUCT_NAME = "$(PROJECT_NAME)";
				SDKROOT = macosx;
				SKIP_INSTALL = YES;
			};
			name = Release;
		};
		92B578BA227A0068003E989D /* Debug */ = {
			isa = XCBuildConfiguration;
			buildSettings = {
				ALWAYS_EMBED_SWIFT_STANDARD_LIBRARIES = YES;
				APPLICATION_EXTENSION_API_ONLY = NO;
				CODE_SIGN_IDENTITY = "-";
				CODE_SIGN_STYLE = Automatic;
				COMBINE_HIDPI_IMAGES = YES;
				FRAMEWORK_SEARCH_PATHS = (
					"$(inherited)",
					"$(PROJECT_DIR)/Carthage/Build/Mac",
				);
				INFOPLIST_FILE = Tests/EthereumTests/Info.plist;
				LD_RUNPATH_SEARCH_PATHS = (
					"$(inherited)",
					"@executable_path/../Frameworks",
					"@loader_path/../Frameworks",
				);
				PRODUCT_BUNDLE_IDENTIFIER = "one.tesseract.EthereumTests-macOS";
				PRODUCT_NAME = "$(TARGET_NAME)";
				SDKROOT = macosx;
			};
			name = Debug;
		};
		92B578BB227A0068003E989D /* Release */ = {
			isa = XCBuildConfiguration;
			buildSettings = {
				ALWAYS_EMBED_SWIFT_STANDARD_LIBRARIES = YES;
				APPLICATION_EXTENSION_API_ONLY = NO;
				CODE_SIGN_IDENTITY = "-";
				CODE_SIGN_STYLE = Automatic;
				COMBINE_HIDPI_IMAGES = YES;
				FRAMEWORK_SEARCH_PATHS = (
					"$(inherited)",
					"$(PROJECT_DIR)/Carthage/Build/Mac",
				);
				INFOPLIST_FILE = Tests/EthereumTests/Info.plist;
				LD_RUNPATH_SEARCH_PATHS = (
					"$(inherited)",
					"@executable_path/../Frameworks",
					"@loader_path/../Frameworks",
				);
				PRODUCT_BUNDLE_IDENTIFIER = "one.tesseract.EthereumTests-macOS";
				PRODUCT_NAME = "$(TARGET_NAME)";
				SDKROOT = macosx;
			};
			name = Release;
		};
/* End XCBuildConfiguration section */

/* Begin XCConfigurationList section */
		927C59A8224D0BE800F2AA50 /* Build configuration list for PBXProject "Ethereum" */ = {
			isa = XCConfigurationList;
			buildConfigurations = (
				927C59C0224D0BE800F2AA50 /* Debug */,
				927C59C1224D0BE800F2AA50 /* Release */,
			);
			defaultConfigurationIsVisible = 0;
			defaultConfigurationName = Release;
		};
		927C59C2224D0BE800F2AA50 /* Build configuration list for PBXNativeTarget "Ethereum-iOS" */ = {
			isa = XCConfigurationList;
			buildConfigurations = (
				927C59C3224D0BE800F2AA50 /* Debug */,
				927C59C4224D0BE800F2AA50 /* Release */,
			);
			defaultConfigurationIsVisible = 0;
			defaultConfigurationName = Release;
		};
		927C59C5224D0BE800F2AA50 /* Build configuration list for PBXNativeTarget "EthereumTests-iOS" */ = {
			isa = XCConfigurationList;
			buildConfigurations = (
				927C59C6224D0BE800F2AA50 /* Debug */,
				927C59C7224D0BE800F2AA50 /* Release */,
			);
			defaultConfigurationIsVisible = 0;
			defaultConfigurationName = Release;
		};
		92B578512279FE5D003E989D /* Build configuration list for PBXNativeTarget "Ethereum-watchOS" */ = {
			isa = XCConfigurationList;
			buildConfigurations = (
				92B5784F2279FE5D003E989D /* Debug */,
				92B578502279FE5D003E989D /* Release */,
			);
			defaultConfigurationIsVisible = 0;
			defaultConfigurationName = Release;
		};
		92B578732279FF35003E989D /* Build configuration list for PBXNativeTarget "Ethereum-tvOS" */ = {
			isa = XCConfigurationList;
			buildConfigurations = (
				92B578742279FF35003E989D /* Debug */,
				92B578752279FF35003E989D /* Release */,
			);
			defaultConfigurationIsVisible = 0;
			defaultConfigurationName = Release;
		};
		92B578762279FF35003E989D /* Build configuration list for PBXNativeTarget "EthereumTests-tvOS" */ = {
			isa = XCConfigurationList;
			buildConfigurations = (
				92B578772279FF35003E989D /* Debug */,
				92B578782279FF35003E989D /* Release */,
			);
			defaultConfigurationIsVisible = 0;
			defaultConfigurationName = Release;
		};
		92B578B6227A0068003E989D /* Build configuration list for PBXNativeTarget "Ethereum-macOS" */ = {
			isa = XCConfigurationList;
			buildConfigurations = (
				92B578B7227A0068003E989D /* Debug */,
				92B578B8227A0068003E989D /* Release */,
			);
			defaultConfigurationIsVisible = 0;
			defaultConfigurationName = Release;
		};
		92B578B9227A0068003E989D /* Build configuration list for PBXNativeTarget "EthereumTests-macOS" */ = {
			isa = XCConfigurationList;
			buildConfigurations = (
				92B578BA227A0068003E989D /* Debug */,
				92B578BB227A0068003E989D /* Release */,
			);
			defaultConfigurationIsVisible = 0;
			defaultConfigurationName = Release;
		};
/* End XCConfigurationList section */
	};
	rootObject = 927C59A5224D0BE800F2AA50 /* Project object */;
}
